<?xml version="1.0" encoding="UTF-8"?>
<Project ToolsVersion="12.0" xmlns="http://schemas.microsoft.com/developer/msbuild/2003">
  <ItemGroup>
    <ClCompile Include="C:\Users\HM\Desktop\cli2\TrinityCore-CLI\dep\libmpq\libmpq\common.c">
      <Filter>Source Files</Filter>
    </ClCompile>
    <ClCompile Include="C:\Users\HM\Desktop\cli2\TrinityCore-CLI\dep\libmpq\libmpq\explode.c">
      <Filter>Source Files</Filter>
    </ClCompile>
    <ClCompile Include="C:\Users\HM\Desktop\cli2\TrinityCore-CLI\dep\libmpq\libmpq\extract.c">
      <Filter>Source Files</Filter>
    </ClCompile>
    <ClCompile Include="C:\Users\HM\Desktop\cli2\TrinityCore-CLI\dep\libmpq\libmpq\huffman.c">
      <Filter>Source Files</Filter>
    </ClCompile>
    <ClCompile Include="C:\Users\HM\Desktop\cli2\TrinityCore-CLI\dep\libmpq\libmpq\mpq.c">
      <Filter>Source Files</Filter>
    </ClCompile>
    <ClCompile Include="C:\Users\HM\Desktop\cli2\TrinityCore-CLI\dep\libmpq\libmpq\wave.c">
      <Filter>Source Files</Filter>
    </ClCompile>
  </ItemGroup>
  <ItemGroup>
    <ClInclude Include="C:\Users\HM\Desktop\cli2\TrinityCore-CLI\dep\libmpq\libmpq\common.h">
      <Filter>Header Files</Filter>
    </ClInclude>
    <ClInclude Include="C:\Users\HM\Desktop\cli2\TrinityCore-CLI\dep\libmpq\libmpq\crypt_buf.h">
      <Filter>Header Files</Filter>
    </ClInclude>
    <ClInclude Include="C:\Users\HM\Desktop\cli2\TrinityCore-CLI\dep\libmpq\libmpq\explode.h">
      <Filter>Header Files</Filter>
    </ClInclude>
    <ClInclude Include="C:\Users\HM\Desktop\cli2\TrinityCore-CLI\dep\libmpq\libmpq\extract.h">
      <Filter>Header Files</Filter>
    </ClInclude>
    <ClInclude Include="C:\Users\HM\Desktop\cli2\TrinityCore-CLI\dep\libmpq\libmpq\huffman.h">
      <Filter>Header Files</Filter>
    </ClInclude>
    <ClInclude Include="C:\Users\HM\Desktop\cli2\TrinityCore-CLI\dep\libmpq\libmpq\mpq-internal.h">
      <Filter>Header Files</Filter>
    </ClInclude>
    <ClInclude Include="C:\Users\HM\Desktop\cli2\TrinityCore-CLI\dep\libmpq\libmpq\mpq.h">
      <Filter>Header Files</Filter>
    </ClInclude>
    <ClInclude Include="C:\Users\HM\Desktop\cli2\TrinityCore-CLI\dep\libmpq\libmpq\pack_begin.h">
      <Filter>Header Files</Filter>
    </ClInclude>
    <ClInclude Include="C:\Users\HM\Desktop\cli2\TrinityCore-CLI\dep\libmpq\libmpq\pack_end.h">
      <Filter>Header Files</Filter>
    </ClInclude>
    <ClInclude Include="C:\Users\HM\Desktop\cli2\TrinityCore-CLI\dep\libmpq\libmpq\platform.h">
      <Filter>Header Files</Filter>
    </ClInclude>
    <ClInclude Include="C:\Users\HM\Desktop\cli2\TrinityCore-CLI\dep\libmpq\libmpq\wave.h">
      <Filter>Header Files</Filter>
    </ClInclude>
  </ItemGroup>
  <ItemGroup>
    <CustomBuild Include="C:\Users\HM\Desktop\cli2\TrinityCore-CLI\dep\libmpq\CMakeLists.txt" />
  </ItemGroup>
  <ItemGroup>
    <Filter Include="Source Files">
      <UniqueIdentifier>{A85EE553-B87B-3776-900A-61BBB1A46484}</UniqueIdentifier>
    </Filter>
    <Filter Include="Header Files">
      <UniqueIdentifier>{48D808F2-AC99-3318-8EAE-4FB5653CCAB7}</UniqueIdentifier>
    </Filter>
  </ItemGroup>
</Project>
