Microsoft Visual Studio Solution File, Format Version 12.00
# Visual Studio Express 2013 for Windows Desktop
VisualStudioVersion = 12.0.31101.0
MinimumVisualStudioVersion = 10.0.40219.1
Project("{8BC9CEB8-8B4A-11D0-8D11-00A0C91BC942}") = "ALL_BUILD", "ALL_BUILD.vcxproj", "{C48558B9-BA4C-3F7D-92D7-EDC7D4A684F0}"
	ProjectSection(ProjectDependencies) = postProject
		{122E9CF4-283B-35B7-B83B-65FBDDC5281C} = {122E9CF4-283B-35B7-B83B-65FBDDC5281C}
		{CB4F6E20-0C36-31D2-B4C9-5B6CD3FB2379} = {CB4F6E20-0C36-31D2-B4C9-5B6CD3FB2379}
		{2647B17B-6F97-32BC-B235-520760A1CA5C} = {2647B17B-6F97-32BC-B235-520760A1CA5C}
		{7595D44A-51A0-3E76-8AA1-4E4DA8B8EFAF} = {7595D44A-51A0-3E76-8AA1-4E4DA8B8EFAF}
		{2B86F9D5-3774-3EFA-8739-5E7601AC4C83} = {2B86F9D5-3774-3EFA-8739-5E7601AC4C83}
		{9E19D369-CDAB-3A72-A514-5CE135EC3518} = {9E19D369-CDAB-3A72-A514-5CE135EC3518}
		{1B417F6B-09D2-3C78-ABFF-71DE23E6967D} = {1B417F6B-09D2-3C78-ABFF-71DE23E6967D}
		{70D11F0C-2641-3B9D-9EDA-BB0A122E1FFC} = {70D11F0C-2641-3B9D-9EDA-BB0A122E1FFC}
		{C6D1A214-5A9D-3CE1-B565-057ACFAFF322} = {C6D1A214-5A9D-3CE1-B565-057ACFAFF322}
		{27E2A17C-00F9-3B8E-86AC-D6F3098FDF6E} = {27E2A17C-00F9-3B8E-86AC-D6F3098FDF6E}
		{C6B0D55E-5C84-3AAA-B0EB-F26491754E93} = {C6B0D55E-5C84-3AAA-B0EB-F26491754E93}
		{FEE0D067-34AD-3765-BE59-273D5CF102B0} = {FEE0D067-34AD-3765-BE59-273D5CF102B0}
		{4B59577E-A8BC-3468-91CA-ADCCC3126938} = {4B59577E-A8BC-3468-91CA-ADCCC3126938}
		{09F2C7D0-10AC-3756-A584-FB2DAE9C9713} = {09F2C7D0-10AC-3756-A584-FB2DAE9C9713}
		{A9582FF4-C232-37F0-B452-1AF5BA32905C} = {A9582FF4-C232-37F0-B452-1AF5BA32905C}
		{22268516-3D85-3A2F-A4E9-B049B622C655} = {22268516-3D85-3A2F-A4E9-B049B622C655}
		{C76A82D0-F618-3926-9C4D-1010B145F23C} = {C76A82D0-F618-3926-9C4D-1010B145F23C}
		{BF387815-F170-3A33-ABF9-379775E535CE} = {BF387815-F170-3A33-ABF9-379775E535CE}
		{ECF1B255-E1A9-3816-A7EA-983FDFD1B18B} = {ECF1B255-E1A9-3816-A7EA-983FDFD1B18B}
		{FC969DBB-A071-3DCC-9BCA-26F0A8686CAE} = {FC969DBB-A071-3DCC-9BCA-26F0A8686CAE}
		{8B767F4D-268A-309D-BEB4-BBE48E56184E} = {8B767F4D-268A-309D-BEB4-BBE48E56184E}
		{01E08C67-2C28-3FFB-A1F2-74D18490BFF7} = {01E08C67-2C28-3FFB-A1F2-74D18490BFF7}
	EndProjectSection
EndProject
Project("{8BC9CEB8-8B4A-11D0-8D11-00A0C91BC942}") = "Detour", "dep\recastnavigation\Detour\Detour.vcxproj", "{122E9CF4-283B-35B7-B83B-65FBDDC5281C}"
	ProjectSection(ProjectDependencies) = postProject
		{2647B17B-6F97-32BC-B235-520760A1CA5C} = {2647B17B-6F97-32BC-B235-520760A1CA5C}
		{01E08C67-2C28-3FFB-A1F2-74D18490BFF7} = {01E08C67-2C28-3FFB-A1F2-74D18490BFF7}
	EndProjectSection
EndProject
Project("{8BC9CEB8-8B4A-11D0-8D11-00A0C91BC942}") = "INSTALL", "INSTALL.vcxproj", "{366FA550-4204-3AB2-82E9-729CC83067D0}"
	ProjectSection(ProjectDependencies) = postProject
		{C48558B9-BA4C-3F7D-92D7-EDC7D4A684F0} = {C48558B9-BA4C-3F7D-92D7-EDC7D4A684F0}
	EndProjectSection
EndProject
Project("{8BC9CEB8-8B4A-11D0-8D11-00A0C91BC942}") = "Recast", "dep\recastnavigation\Recast\Recast.vcxproj", "{CB4F6E20-0C36-31D2-B4C9-5B6CD3FB2379}"
	ProjectSection(ProjectDependencies) = postProject
		{2647B17B-6F97-32BC-B235-520760A1CA5C} = {2647B17B-6F97-32BC-B235-520760A1CA5C}
		{01E08C67-2C28-3FFB-A1F2-74D18490BFF7} = {01E08C67-2C28-3FFB-A1F2-74D18490BFF7}
	EndProjectSection
EndProject
Project("{8BC9CEB8-8B4A-11D0-8D11-00A0C91BC942}") = "ZERO_CHECK", "ZERO_CHECK.vcxproj", "{2647B17B-6F97-32BC-B235-520760A1CA5C}"
EndProject
Project("{8BC9CEB8-8B4A-11D0-8D11-00A0C91BC942}") = "authserver", "src\server\authserver\authserver.vcxproj", "{7595D44A-51A0-3E76-8AA1-4E4DA8B8EFAF}"
	ProjectSection(ProjectDependencies) = postProject
		{2647B17B-6F97-32BC-B235-520760A1CA5C} = {2647B17B-6F97-32BC-B235-520760A1CA5C}
		{1B417F6B-09D2-3C78-ABFF-71DE23E6967D} = {1B417F6B-09D2-3C78-ABFF-71DE23E6967D}
		{70D11F0C-2641-3B9D-9EDA-BB0A122E1FFC} = {70D11F0C-2641-3B9D-9EDA-BB0A122E1FFC}
		{C6D1A214-5A9D-3CE1-B565-057ACFAFF322} = {C6D1A214-5A9D-3CE1-B565-057ACFAFF322}
		{BF387815-F170-3A33-ABF9-379775E535CE} = {BF387815-F170-3A33-ABF9-379775E535CE}
	EndProjectSection
EndProject
Project("{8BC9CEB8-8B4A-11D0-8D11-00A0C91BC942}") = "bzip2", "dep\bzip2\bzip2.vcxproj", "{2B86F9D5-3774-3EFA-8739-5E7601AC4C83}"
	ProjectSection(ProjectDependencies) = postProject
		{2647B17B-6F97-32BC-B235-520760A1CA5C} = {2647B17B-6F97-32BC-B235-520760A1CA5C}
	EndProjectSection
EndProject
Project("{8BC9CEB8-8B4A-11D0-8D11-00A0C91BC942}") = "cli", "src\cli\cli.vcxproj", "{9E19D369-CDAB-3A72-A514-5CE135EC3518}"
	ProjectSection(ProjectDependencies) = postProject
		{122E9CF4-283B-35B7-B83B-65FBDDC5281C} = {122E9CF4-283B-35B7-B83B-65FBDDC5281C}
		{CB4F6E20-0C36-31D2-B4C9-5B6CD3FB2379} = {CB4F6E20-0C36-31D2-B4C9-5B6CD3FB2379}
		{2647B17B-6F97-32BC-B235-520760A1CA5C} = {2647B17B-6F97-32BC-B235-520760A1CA5C}
		{2B86F9D5-3774-3EFA-8739-5E7601AC4C83} = {2B86F9D5-3774-3EFA-8739-5E7601AC4C83}
		{1B417F6B-09D2-3C78-ABFF-71DE23E6967D} = {1B417F6B-09D2-3C78-ABFF-71DE23E6967D}
		{C6D1A214-5A9D-3CE1-B565-057ACFAFF322} = {C6D1A214-5A9D-3CE1-B565-057ACFAFF322}
		{27E2A17C-00F9-3B8E-86AC-D6F3098FDF6E} = {27E2A17C-00F9-3B8E-86AC-D6F3098FDF6E}
		{01E08C67-2C28-3FFB-A1F2-74D18490BFF7} = {01E08C67-2C28-3FFB-A1F2-74D18490BFF7}
	EndProjectSection
EndProject
Project("{8BC9CEB8-8B4A-11D0-8D11-00A0C91BC942}") = "common", "src\common\common.vcxproj", "{1B417F6B-09D2-3C78-ABFF-71DE23E6967D}"
	ProjectSection(ProjectDependencies) = postProject
		{2647B17B-6F97-32BC-B235-520760A1CA5C} = {2647B17B-6F97-32BC-B235-520760A1CA5C}
	EndProjectSection
EndProject
Project("{8BC9CEB8-8B4A-11D0-8D11-00A0C91BC942}") = "database", "src\server\database\database.vcxproj", "{70D11F0C-2641-3B9D-9EDA-BB0A122E1FFC}"
	ProjectSection(ProjectDependencies) = postProject
		{2647B17B-6F97-32BC-B235-520760A1CA5C} = {2647B17B-6F97-32BC-B235-520760A1CA5C}
	EndProjectSection
EndProject
Project("{8BC9CEB8-8B4A-11D0-8D11-00A0C91BC942}") = "format", "dep\cppformat\format.vcxproj", "{C6D1A214-5A9D-3CE1-B565-057ACFAFF322}"
	ProjectSection(ProjectDependencies) = postProject
		{2647B17B-6F97-32BC-B235-520760A1CA5C} = {2647B17B-6F97-32BC-B235-520760A1CA5C}
	EndProjectSection
EndProject
Project("{8BC9CEB8-8B4A-11D0-8D11-00A0C91BC942}") = "g3dlib", "dep\g3dlite\g3dlib.vcxproj", "{27E2A17C-00F9-3B8E-86AC-D6F3098FDF6E}"
	ProjectSection(ProjectDependencies) = postProject
		{2647B17B-6F97-32BC-B235-520760A1CA5C} = {2647B17B-6F97-32BC-B235-520760A1CA5C}
		{01E08C67-2C28-3FFB-A1F2-74D18490BFF7} = {01E08C67-2C28-3FFB-A1F2-74D18490BFF7}
	EndProjectSection
EndProject
Project("{8BC9CEB8-8B4A-11D0-8D11-00A0C91BC942}") = "game", "src\server\game\game.vcxproj", "{C6B0D55E-5C84-3AAA-B0EB-F26491754E93}"
	ProjectSection(ProjectDependencies) = postProject
		{2647B17B-6F97-32BC-B235-520760A1CA5C} = {2647B17B-6F97-32BC-B235-520760A1CA5C}
	EndProjectSection
EndProject
Project("{8BC9CEB8-8B4A-11D0-8D11-00A0C91BC942}") = "gsoap", "dep\gsoap\gsoap.vcxproj", "{FEE0D067-34AD-3765-BE59-273D5CF102B0}"
	ProjectSection(ProjectDependencies) = postProject
		{2647B17B-6F97-32BC-B235-520760A1CA5C} = {2647B17B-6F97-32BC-B235-520760A1CA5C}
	EndProjectSection
EndProject
Project("{8BC9CEB8-8B4A-11D0-8D11-00A0C91BC942}") = "mapextractor", "src\tools\map_extractor\mapextractor.vcxproj", "{4B59577E-A8BC-3468-91CA-ADCCC3126938}"
	ProjectSection(ProjectDependencies) = postProject
		{2647B17B-6F97-32BC-B235-520760A1CA5C} = {2647B17B-6F97-32BC-B235-520760A1CA5C}
		{2B86F9D5-3774-3EFA-8739-5E7601AC4C83} = {2B86F9D5-3774-3EFA-8739-5E7601AC4C83}
		{A9582FF4-C232-37F0-B452-1AF5BA32905C} = {A9582FF4-C232-37F0-B452-1AF5BA32905C}
		{01E08C67-2C28-3FFB-A1F2-74D18490BFF7} = {01E08C67-2C28-3FFB-A1F2-74D18490BFF7}
	EndProjectSection
EndProject
Project("{8BC9CEB8-8B4A-11D0-8D11-00A0C91BC942}") = "mmaps_generator", "src\tools\mmaps_generator\mmaps_generator.vcxproj", "{09F2C7D0-10AC-3756-A584-FB2DAE9C9713}"
	ProjectSection(ProjectDependencies) = postProject
		{122E9CF4-283B-35B7-B83B-65FBDDC5281C} = {122E9CF4-283B-35B7-B83B-65FBDDC5281C}
		{CB4F6E20-0C36-31D2-B4C9-5B6CD3FB2379} = {CB4F6E20-0C36-31D2-B4C9-5B6CD3FB2379}
		{2647B17B-6F97-32BC-B235-520760A1CA5C} = {2647B17B-6F97-32BC-B235-520760A1CA5C}
		{2B86F9D5-3774-3EFA-8739-5E7601AC4C83} = {2B86F9D5-3774-3EFA-8739-5E7601AC4C83}
		{1B417F6B-09D2-3C78-ABFF-71DE23E6967D} = {1B417F6B-09D2-3C78-ABFF-71DE23E6967D}
		{27E2A17C-00F9-3B8E-86AC-D6F3098FDF6E} = {27E2A17C-00F9-3B8E-86AC-D6F3098FDF6E}
		{01E08C67-2C28-3FFB-A1F2-74D18490BFF7} = {01E08C67-2C28-3FFB-A1F2-74D18490BFF7}
	EndProjectSection
EndProject
Project("{8BC9CEB8-8B4A-11D0-8D11-00A0C91BC942}") = "mpq", "dep\libmpq\mpq.vcxproj", "{A9582FF4-C232-37F0-B452-1AF5BA32905C}"
	ProjectSection(ProjectDependencies) = postProject
		{2647B17B-6F97-32BC-B235-520760A1CA5C} = {2647B17B-6F97-32BC-B235-520760A1CA5C}
	EndProjectSection
EndProject
Project("{8BC9CEB8-8B4A-11D0-8D11-00A0C91BC942}") = "revision_data.h", "src\genrev\revision_data.h.vcxproj", "{22268516-3D85-3A2F-A4E9-B049B622C655}"
	ProjectSection(ProjectDependencies) = postProject
		{2647B17B-6F97-32BC-B235-520760A1CA5C} = {2647B17B-6F97-32BC-B235-520760A1CA5C}
	EndProjectSection
EndProject
Project("{8BC9CEB8-8B4A-11D0-8D11-00A0C91BC942}") = "scripts", "src\server\scripts\scripts.vcxproj", "{C76A82D0-F618-3926-9C4D-1010B145F23C}"
	ProjectSection(ProjectDependencies) = postProject
		{2647B17B-6F97-32BC-B235-520760A1CA5C} = {2647B17B-6F97-32BC-B235-520760A1CA5C}
	EndProjectSection
EndProject
Project("{8BC9CEB8-8B4A-11D0-8D11-00A0C91BC942}") = "shared", "src\server\shared\shared.vcxproj", "{BF387815-F170-3A33-ABF9-379775E535CE}"
	ProjectSection(ProjectDependencies) = postProject
		{2647B17B-6F97-32BC-B235-520760A1CA5C} = {2647B17B-6F97-32BC-B235-520760A1CA5C}
		{22268516-3D85-3A2F-A4E9-B049B622C655} = {22268516-3D85-3A2F-A4E9-B049B622C655}
	EndProjectSection
EndProject
Project("{8BC9CEB8-8B4A-11D0-8D11-00A0C91BC942}") = "vmap4assembler", "src\tools\vmap4_assembler\vmap4assembler.vcxproj", "{ECF1B255-E1A9-3816-A7EA-983FDFD1B18B}"
	ProjectSection(ProjectDependencies) = postProject
		{2647B17B-6F97-32BC-B235-520760A1CA5C} = {2647B17B-6F97-32BC-B235-520760A1CA5C}
		{1B417F6B-09D2-3C78-ABFF-71DE23E6967D} = {1B417F6B-09D2-3C78-ABFF-71DE23E6967D}
		{27E2A17C-00F9-3B8E-86AC-D6F3098FDF6E} = {27E2A17C-00F9-3B8E-86AC-D6F3098FDF6E}
		{01E08C67-2C28-3FFB-A1F2-74D18490BFF7} = {01E08C67-2C28-3FFB-A1F2-74D18490BFF7}
	EndProjectSection
EndProject
Project("{8BC9CEB8-8B4A-11D0-8D11-00A0C91BC942}") = "vmap4extractor", "src\tools\vmap4_extractor\vmap4extractor.vcxproj", "{FC969DBB-A071-3DCC-9BCA-26F0A8686CAE}"
	ProjectSection(ProjectDependencies) = postProject
		{2647B17B-6F97-32BC-B235-520760A1CA5C} = {2647B17B-6F97-32BC-B235-520760A1CA5C}
		{2B86F9D5-3774-3EFA-8739-5E7601AC4C83} = {2B86F9D5-3774-3EFA-8739-5E7601AC4C83}
		{A9582FF4-C232-37F0-B452-1AF5BA32905C} = {A9582FF4-C232-37F0-B452-1AF5BA32905C}
		{01E08C67-2C28-3FFB-A1F2-74D18490BFF7} = {01E08C67-2C28-3FFB-A1F2-74D18490BFF7}
	EndProjectSection
EndProject
Project("{8BC9CEB8-8B4A-11D0-8D11-00A0C91BC942}") = "worldserver", "src\server\worldserver\worldserver.vcxproj", "{8B767F4D-268A-309D-BEB4-BBE48E56184E}"
	ProjectSection(ProjectDependencies) = postProject
		{122E9CF4-283B-35B7-B83B-65FBDDC5281C} = {122E9CF4-283B-35B7-B83B-65FBDDC5281C}
		{2647B17B-6F97-32BC-B235-520760A1CA5C} = {2647B17B-6F97-32BC-B235-520760A1CA5C}
		{1B417F6B-09D2-3C78-ABFF-71DE23E6967D} = {1B417F6B-09D2-3C78-ABFF-71DE23E6967D}
		{70D11F0C-2641-3B9D-9EDA-BB0A122E1FFC} = {70D11F0C-2641-3B9D-9EDA-BB0A122E1FFC}
		{C6D1A214-5A9D-3CE1-B565-057ACFAFF322} = {C6D1A214-5A9D-3CE1-B565-057ACFAFF322}
		{27E2A17C-00F9-3B8E-86AC-D6F3098FDF6E} = {27E2A17C-00F9-3B8E-86AC-D6F3098FDF6E}
		{C6B0D55E-5C84-3AAA-B0EB-F26491754E93} = {C6B0D55E-5C84-3AAA-B0EB-F26491754E93}
		{FEE0D067-34AD-3765-BE59-273D5CF102B0} = {FEE0D067-34AD-3765-BE59-273D5CF102B0}
		{C76A82D0-F618-3926-9C4D-1010B145F23C} = {C76A82D0-F618-3926-9C4D-1010B145F23C}
		{BF387815-F170-3A33-ABF9-379775E535CE} = {BF387815-F170-3A33-ABF9-379775E535CE}
		{01E08C67-2C28-3FFB-A1F2-74D18490BFF7} = {01E08C67-2C28-3FFB-A1F2-74D18490BFF7}
	EndProjectSection
EndProject
Project("{8BC9CEB8-8B4A-11D0-8D11-00A0C91BC942}") = "zlib", "dep\zlib\zlib.vcxproj", "{01E08C67-2C28-3FFB-A1F2-74D18490BFF7}"
	ProjectSection(ProjectDependencies) = postProject
		{2647B17B-6F97-32BC-B235-520760A1CA5C} = {2647B17B-6F97-32BC-B235-520760A1CA5C}
	EndProjectSection
EndProject
Project("{8BC9CEB8-8B4A-11D0-8D11-00A0C91BC942}") = "stash", "..\stash\stash.vcxproj", "{F55CB9DF-82F5-44EC-8475-59718F1C90C1}"
EndProject
Global
	GlobalSection(SolutionConfigurationPlatforms) = preSolution
		Debug|Mixed Platforms = Debug|Mixed Platforms
		Debug|Win32 = Debug|Win32
		Debug|x64 = Debug|x64
		MinSizeRel|Mixed Platforms = MinSizeRel|Mixed Platforms
		MinSizeRel|Win32 = MinSizeRel|Win32
		MinSizeRel|x64 = MinSizeRel|x64
		Release|Mixed Platforms = Release|Mixed Platforms
		Release|Win32 = Release|Win32
		Release|x64 = Release|x64
		RelWithDebInfo|Mixed Platforms = RelWithDebInfo|Mixed Platforms
		RelWithDebInfo|Win32 = RelWithDebInfo|Win32
		RelWithDebInfo|x64 = RelWithDebInfo|x64
	EndGlobalSection
	GlobalSection(ProjectConfigurationPlatforms) = postSolution
		{C48558B9-BA4C-3F7D-92D7-EDC7D4A684F0}.Debug|Mixed Platforms.ActiveCfg = Debug|x64
		{C48558B9-BA4C-3F7D-92D7-EDC7D4A684F0}.Debug|Mixed Platforms.Build.0 = Debug|x64
		{C48558B9-BA4C-3F7D-92D7-EDC7D4A684F0}.Debug|Win32.ActiveCfg = Debug|x64
		{C48558B9-BA4C-3F7D-92D7-EDC7D4A684F0}.Debug|x64.ActiveCfg = Debug|x64
		{C48558B9-BA4C-3F7D-92D7-EDC7D4A684F0}.Debug|x64.Build.0 = Debug|x64
		{C48558B9-BA4C-3F7D-92D7-EDC7D4A684F0}.Debug|x64.Deploy.0 = Debug|x64
		{C48558B9-BA4C-3F7D-92D7-EDC7D4A684F0}.MinSizeRel|Mixed Platforms.ActiveCfg = MinSizeRel|x64
		{C48558B9-BA4C-3F7D-92D7-EDC7D4A684F0}.MinSizeRel|Mixed Platforms.Build.0 = MinSizeRel|x64
		{C48558B9-BA4C-3F7D-92D7-EDC7D4A684F0}.MinSizeRel|Win32.ActiveCfg = MinSizeRel|x64
		{C48558B9-BA4C-3F7D-92D7-EDC7D4A684F0}.MinSizeRel|x64.ActiveCfg = MinSizeRel|x64
		{C48558B9-BA4C-3F7D-92D7-EDC7D4A684F0}.MinSizeRel|x64.Build.0 = MinSizeRel|x64
		{C48558B9-BA4C-3F7D-92D7-EDC7D4A684F0}.Release|Mixed Platforms.ActiveCfg = Release|x64
		{C48558B9-BA4C-3F7D-92D7-EDC7D4A684F0}.Release|Mixed Platforms.Build.0 = Release|x64
		{C48558B9-BA4C-3F7D-92D7-EDC7D4A684F0}.Release|Win32.ActiveCfg = Release|x64
		{C48558B9-BA4C-3F7D-92D7-EDC7D4A684F0}.Release|x64.ActiveCfg = Release|x64
		{C48558B9-BA4C-3F7D-92D7-EDC7D4A684F0}.Release|x64.Build.0 = Release|x64
		{C48558B9-BA4C-3F7D-92D7-EDC7D4A684F0}.RelWithDebInfo|Mixed Platforms.ActiveCfg = RelWithDebInfo|x64
		{C48558B9-BA4C-3F7D-92D7-EDC7D4A684F0}.RelWithDebInfo|Mixed Platforms.Build.0 = RelWithDebInfo|x64
		{C48558B9-BA4C-3F7D-92D7-EDC7D4A684F0}.RelWithDebInfo|Win32.ActiveCfg = RelWithDebInfo|x64
		{C48558B9-BA4C-3F7D-92D7-EDC7D4A684F0}.RelWithDebInfo|x64.ActiveCfg = RelWithDebInfo|x64
		{C48558B9-BA4C-3F7D-92D7-EDC7D4A684F0}.RelWithDebInfo|x64.Build.0 = RelWithDebInfo|x64
		{122E9CF4-283B-35B7-B83B-65FBDDC5281C}.Debug|Mixed Platforms.ActiveCfg = Debug|x64
		{122E9CF4-283B-35B7-B83B-65FBDDC5281C}.Debug|Mixed Platforms.Build.0 = Debug|x64
		{122E9CF4-283B-35B7-B83B-65FBDDC5281C}.Debug|Win32.ActiveCfg = Debug|x64
		{122E9CF4-283B-35B7-B83B-65FBDDC5281C}.Debug|x64.ActiveCfg = Debug|x64
		{122E9CF4-283B-35B7-B83B-65FBDDC5281C}.Debug|x64.Build.0 = Debug|x64
		{122E9CF4-283B-35B7-B83B-65FBDDC5281C}.MinSizeRel|Mixed Platforms.ActiveCfg = MinSizeRel|x64
		{122E9CF4-283B-35B7-B83B-65FBDDC5281C}.MinSizeRel|Mixed Platforms.Build.0 = MinSizeRel|x64
		{122E9CF4-283B-35B7-B83B-65FBDDC5281C}.MinSizeRel|Win32.ActiveCfg = MinSizeRel|x64
		{122E9CF4-283B-35B7-B83B-65FBDDC5281C}.MinSizeRel|x64.ActiveCfg = MinSizeRel|x64
		{122E9CF4-283B-35B7-B83B-65FBDDC5281C}.MinSizeRel|x64.Build.0 = MinSizeRel|x64
		{122E9CF4-283B-35B7-B83B-65FBDDC5281C}.Release|Mixed Platforms.ActiveCfg = Release|x64
		{122E9CF4-283B-35B7-B83B-65FBDDC5281C}.Release|Mixed Platforms.Build.0 = Release|x64
		{122E9CF4-283B-35B7-B83B-65FBDDC5281C}.Release|Win32.ActiveCfg = Release|x64
		{122E9CF4-283B-35B7-B83B-65FBDDC5281C}.Release|x64.ActiveCfg = Release|x64
		{122E9CF4-283B-35B7-B83B-65FBDDC5281C}.Release|x64.Build.0 = Release|x64
		{122E9CF4-283B-35B7-B83B-65FBDDC5281C}.RelWithDebInfo|Mixed Platforms.ActiveCfg = RelWithDebInfo|x64
		{122E9CF4-283B-35B7-B83B-65FBDDC5281C}.RelWithDebInfo|Mixed Platforms.Build.0 = RelWithDebInfo|x64
		{122E9CF4-283B-35B7-B83B-65FBDDC5281C}.RelWithDebInfo|Win32.ActiveCfg = RelWithDebInfo|x64
		{122E9CF4-283B-35B7-B83B-65FBDDC5281C}.RelWithDebInfo|x64.ActiveCfg = RelWithDebInfo|x64
		{122E9CF4-283B-35B7-B83B-65FBDDC5281C}.RelWithDebInfo|x64.Build.0 = RelWithDebInfo|x64
		{366FA550-4204-3AB2-82E9-729CC83067D0}.Debug|Mixed Platforms.ActiveCfg = Debug|x64
		{366FA550-4204-3AB2-82E9-729CC83067D0}.Debug|Mixed Platforms.Build.0 = Debug|x64
		{366FA550-4204-3AB2-82E9-729CC83067D0}.Debug|Win32.ActiveCfg = Debug|x64
		{366FA550-4204-3AB2-82E9-729CC83067D0}.Debug|x64.ActiveCfg = Debug|x64
		{366FA550-4204-3AB2-82E9-729CC83067D0}.MinSizeRel|Mixed Platforms.ActiveCfg = MinSizeRel|x64
		{366FA550-4204-3AB2-82E9-729CC83067D0}.MinSizeRel|Mixed Platforms.Build.0 = MinSizeRel|x64
		{366FA550-4204-3AB2-82E9-729CC83067D0}.MinSizeRel|Win32.ActiveCfg = MinSizeRel|x64
		{366FA550-4204-3AB2-82E9-729CC83067D0}.MinSizeRel|x64.ActiveCfg = MinSizeRel|x64
		{366FA550-4204-3AB2-82E9-729CC83067D0}.Release|Mixed Platforms.ActiveCfg = Release|x64
		{366FA550-4204-3AB2-82E9-729CC83067D0}.Release|Mixed Platforms.Build.0 = Release|x64
		{366FA550-4204-3AB2-82E9-729CC83067D0}.Release|Win32.ActiveCfg = Release|x64
		{366FA550-4204-3AB2-82E9-729CC83067D0}.Release|x64.ActiveCfg = Release|x64
		{366FA550-4204-3AB2-82E9-729CC83067D0}.RelWithDebInfo|Mixed Platforms.ActiveCfg = RelWithDebInfo|x64
		{366FA550-4204-3AB2-82E9-729CC83067D0}.RelWithDebInfo|Mixed Platforms.Build.0 = RelWithDebInfo|x64
		{366FA550-4204-3AB2-82E9-729CC83067D0}.RelWithDebInfo|Win32.ActiveCfg = RelWithDebInfo|x64
		{366FA550-4204-3AB2-82E9-729CC83067D0}.RelWithDebInfo|x64.ActiveCfg = RelWithDebInfo|x64
		{CB4F6E20-0C36-31D2-B4C9-5B6CD3FB2379}.Debug|Mixed Platforms.ActiveCfg = Debug|x64
		{CB4F6E20-0C36-31D2-B4C9-5B6CD3FB2379}.Debug|Mixed Platforms.Build.0 = Debug|x64
		{CB4F6E20-0C36-31D2-B4C9-5B6CD3FB2379}.Debug|Win32.ActiveCfg = Debug|x64
		{CB4F6E20-0C36-31D2-B4C9-5B6CD3FB2379}.Debug|x64.ActiveCfg = Debug|x64
		{CB4F6E20-0C36-31D2-B4C9-5B6CD3FB2379}.Debug|x64.Build.0 = Debug|x64
		{CB4F6E20-0C36-31D2-B4C9-5B6CD3FB2379}.MinSizeRel|Mixed Platforms.ActiveCfg = MinSizeRel|x64
		{CB4F6E20-0C36-31D2-B4C9-5B6CD3FB2379}.MinSizeRel|Mixed Platforms.Build.0 = MinSizeRel|x64
		{CB4F6E20-0C36-31D2-B4C9-5B6CD3FB2379}.MinSizeRel|Win32.ActiveCfg = MinSizeRel|x64
		{CB4F6E20-0C36-31D2-B4C9-5B6CD3FB2379}.MinSizeRel|x64.ActiveCfg = MinSizeRel|x64
		{CB4F6E20-0C36-31D2-B4C9-5B6CD3FB2379}.MinSizeRel|x64.Build.0 = MinSizeRel|x64
		{CB4F6E20-0C36-31D2-B4C9-5B6CD3FB2379}.Release|Mixed Platforms.ActiveCfg = Release|x64
		{CB4F6E20-0C36-31D2-B4C9-5B6CD3FB2379}.Release|Mixed Platforms.Build.0 = Release|x64
		{CB4F6E20-0C36-31D2-B4C9-5B6CD3FB2379}.Release|Win32.ActiveCfg = Release|x64
		{CB4F6E20-0C36-31D2-B4C9-5B6CD3FB2379}.Release|x64.ActiveCfg = Release|x64
		{CB4F6E20-0C36-31D2-B4C9-5B6CD3FB2379}.Release|x64.Build.0 = Release|x64
		{CB4F6E20-0C36-31D2-B4C9-5B6CD3FB2379}.RelWithDebInfo|Mixed Platforms.ActiveCfg = RelWithDebInfo|x64
		{CB4F6E20-0C36-31D2-B4C9-5B6CD3FB2379}.RelWithDebInfo|Mixed Platforms.Build.0 = RelWithDebInfo|x64
		{CB4F6E20-0C36-31D2-B4C9-5B6CD3FB2379}.RelWithDebInfo|Win32.ActiveCfg = RelWithDebInfo|x64
		{CB4F6E20-0C36-31D2-B4C9-5B6CD3FB2379}.RelWithDebInfo|x64.ActiveCfg = RelWithDebInfo|x64
		{CB4F6E20-0C36-31D2-B4C9-5B6CD3FB2379}.RelWithDebInfo|x64.Build.0 = RelWithDebInfo|x64
		{2647B17B-6F97-32BC-B235-520760A1CA5C}.Debug|Mixed Platforms.ActiveCfg = Debug|x64
		{2647B17B-6F97-32BC-B235-520760A1CA5C}.Debug|Mixed Platforms.Build.0 = Debug|x64
		{2647B17B-6F97-32BC-B235-520760A1CA5C}.Debug|Win32.ActiveCfg = Debug|x64
		{2647B17B-6F97-32BC-B235-520760A1CA5C}.Debug|x64.ActiveCfg = Debug|x64
		{2647B17B-6F97-32BC-B235-520760A1CA5C}.Debug|x64.Build.0 = Debug|x64
		{2647B17B-6F97-32BC-B235-520760A1CA5C}.MinSizeRel|Mixed Platforms.ActiveCfg = MinSizeRel|x64
		{2647B17B-6F97-32BC-B235-520760A1CA5C}.MinSizeRel|Mixed Platforms.Build.0 = MinSizeRel|x64
		{2647B17B-6F97-32BC-B235-520760A1CA5C}.MinSizeRel|Win32.ActiveCfg = MinSizeRel|x64
		{2647B17B-6F97-32BC-B235-520760A1CA5C}.MinSizeRel|x64.ActiveCfg = MinSizeRel|x64
		{2647B17B-6F97-32BC-B235-520760A1CA5C}.MinSizeRel|x64.Build.0 = MinSizeRel|x64
		{2647B17B-6F97-32BC-B235-520760A1CA5C}.Release|Mixed Platforms.ActiveCfg = Release|x64
		{2647B17B-6F97-32BC-B235-520760A1CA5C}.Release|Mixed Platforms.Build.0 = Release|x64
		{2647B17B-6F97-32BC-B235-520760A1CA5C}.Release|Win32.ActiveCfg = Release|x64
		{2647B17B-6F97-32BC-B235-520760A1CA5C}.Release|x64.ActiveCfg = Release|x64
		{2647B17B-6F97-32BC-B235-520760A1CA5C}.Release|x64.Build.0 = Release|x64
		{2647B17B-6F97-32BC-B235-520760A1CA5C}.RelWithDebInfo|Mixed Platforms.ActiveCfg = RelWithDebInfo|x64
		{2647B17B-6F97-32BC-B235-520760A1CA5C}.RelWithDebInfo|Mixed Platforms.Build.0 = RelWithDebInfo|x64
		{2647B17B-6F97-32BC-B235-520760A1CA5C}.RelWithDebInfo|Win32.ActiveCfg = RelWithDebInfo|x64
		{2647B17B-6F97-32BC-B235-520760A1CA5C}.RelWithDebInfo|x64.ActiveCfg = RelWithDebInfo|x64
		{2647B17B-6F97-32BC-B235-520760A1CA5C}.RelWithDebInfo|x64.Build.0 = RelWithDebInfo|x64
		{7595D44A-51A0-3E76-8AA1-4E4DA8B8EFAF}.Debug|Mixed Platforms.ActiveCfg = Debug|x64
		{7595D44A-51A0-3E76-8AA1-4E4DA8B8EFAF}.Debug|Mixed Platforms.Build.0 = Debug|x64
		{7595D44A-51A0-3E76-8AA1-4E4DA8B8EFAF}.Debug|Win32.ActiveCfg = Debug|x64
		{7595D44A-51A0-3E76-8AA1-4E4DA8B8EFAF}.Debug|x64.ActiveCfg = Debug|x64
		{7595D44A-51A0-3E76-8AA1-4E4DA8B8EFAF}.Debug|x64.Build.0 = Debug|x64
		{7595D44A-51A0-3E76-8AA1-4E4DA8B8EFAF}.MinSizeRel|Mixed Platforms.ActiveCfg = MinSizeRel|x64
		{7595D44A-51A0-3E76-8AA1-4E4DA8B8EFAF}.MinSizeRel|Mixed Platforms.Build.0 = MinSizeRel|x64
		{7595D44A-51A0-3E76-8AA1-4E4DA8B8EFAF}.MinSizeRel|Win32.ActiveCfg = MinSizeRel|x64
		{7595D44A-51A0-3E76-8AA1-4E4DA8B8EFAF}.MinSizeRel|x64.ActiveCfg = MinSizeRel|x64
		{7595D44A-51A0-3E76-8AA1-4E4DA8B8EFAF}.MinSizeRel|x64.Build.0 = MinSizeRel|x64
		{7595D44A-51A0-3E76-8AA1-4E4DA8B8EFAF}.Release|Mixed Platforms.ActiveCfg = Release|x64
		{7595D44A-51A0-3E76-8AA1-4E4DA8B8EFAF}.Release|Mixed Platforms.Build.0 = Release|x64
		{7595D44A-51A0-3E76-8AA1-4E4DA8B8EFAF}.Release|Win32.ActiveCfg = Release|x64
		{7595D44A-51A0-3E76-8AA1-4E4DA8B8EFAF}.Release|x64.ActiveCfg = Release|x64
		{7595D44A-51A0-3E76-8AA1-4E4DA8B8EFAF}.Release|x64.Build.0 = Release|x64
		{7595D44A-51A0-3E76-8AA1-4E4DA8B8EFAF}.RelWithDebInfo|Mixed Platforms.ActiveCfg = RelWithDebInfo|x64
		{7595D44A-51A0-3E76-8AA1-4E4DA8B8EFAF}.RelWithDebInfo|Mixed Platforms.Build.0 = RelWithDebInfo|x64
		{7595D44A-51A0-3E76-8AA1-4E4DA8B8EFAF}.RelWithDebInfo|Win32.ActiveCfg = RelWithDebInfo|x64
		{7595D44A-51A0-3E76-8AA1-4E4DA8B8EFAF}.RelWithDebInfo|x64.ActiveCfg = RelWithDebInfo|x64
		{7595D44A-51A0-3E76-8AA1-4E4DA8B8EFAF}.RelWithDebInfo|x64.Build.0 = RelWithDebInfo|x64
		{2B86F9D5-3774-3EFA-8739-5E7601AC4C83}.Debug|Mixed Platforms.ActiveCfg = Debug|x64
		{2B86F9D5-3774-3EFA-8739-5E7601AC4C83}.Debug|Mixed Platforms.Build.0 = Debug|x64
		{2B86F9D5-3774-3EFA-8739-5E7601AC4C83}.Debug|Win32.ActiveCfg = Debug|x64
		{2B86F9D5-3774-3EFA-8739-5E7601AC4C83}.Debug|x64.ActiveCfg = Debug|x64
		{2B86F9D5-3774-3EFA-8739-5E7601AC4C83}.Debug|x64.Build.0 = Debug|x64
		{2B86F9D5-3774-3EFA-8739-5E7601AC4C83}.MinSizeRel|Mixed Platforms.ActiveCfg = MinSizeRel|x64
		{2B86F9D5-3774-3EFA-8739-5E7601AC4C83}.MinSizeRel|Mixed Platforms.Build.0 = MinSizeRel|x64
		{2B86F9D5-3774-3EFA-8739-5E7601AC4C83}.MinSizeRel|Win32.ActiveCfg = MinSizeRel|x64
		{2B86F9D5-3774-3EFA-8739-5E7601AC4C83}.MinSizeRel|x64.ActiveCfg = MinSizeRel|x64
		{2B86F9D5-3774-3EFA-8739-5E7601AC4C83}.MinSizeRel|x64.Build.0 = MinSizeRel|x64
		{2B86F9D5-3774-3EFA-8739-5E7601AC4C83}.Release|Mixed Platforms.ActiveCfg = Release|x64
		{2B86F9D5-3774-3EFA-8739-5E7601AC4C83}.Release|Mixed Platforms.Build.0 = Release|x64
		{2B86F9D5-3774-3EFA-8739-5E7601AC4C83}.Release|Win32.ActiveCfg = Release|x64
		{2B86F9D5-3774-3EFA-8739-5E7601AC4C83}.Release|x64.ActiveCfg = Release|x64
		{2B86F9D5-3774-3EFA-8739-5E7601AC4C83}.Release|x64.Build.0 = Release|x64
		{2B86F9D5-3774-3EFA-8739-5E7601AC4C83}.RelWithDebInfo|Mixed Platforms.ActiveCfg = RelWithDebInfo|x64
		{2B86F9D5-3774-3EFA-8739-5E7601AC4C83}.RelWithDebInfo|Mixed Platforms.Build.0 = RelWithDebInfo|x64
		{2B86F9D5-3774-3EFA-8739-5E7601AC4C83}.RelWithDebInfo|Win32.ActiveCfg = RelWithDebInfo|x64
		{2B86F9D5-3774-3EFA-8739-5E7601AC4C83}.RelWithDebInfo|x64.ActiveCfg = RelWithDebInfo|x64
		{2B86F9D5-3774-3EFA-8739-5E7601AC4C83}.RelWithDebInfo|x64.Build.0 = RelWithDebInfo|x64
		{9E19D369-CDAB-3A72-A514-5CE135EC3518}.Debug|Mixed Platforms.ActiveCfg = Debug|x64
		{9E19D369-CDAB-3A72-A514-5CE135EC3518}.Debug|Mixed Platforms.Build.0 = Debug|x64
		{9E19D369-CDAB-3A72-A514-5CE135EC3518}.Debug|Win32.ActiveCfg = Debug|x64
		{9E19D369-CDAB-3A72-A514-5CE135EC3518}.Debug|x64.ActiveCfg = Debug|x64
		{9E19D369-CDAB-3A72-A514-5CE135EC3518}.Debug|x64.Build.0 = Debug|x64
		{9E19D369-CDAB-3A72-A514-5CE135EC3518}.MinSizeRel|Mixed Platforms.ActiveCfg = MinSizeRel|x64
		{9E19D369-CDAB-3A72-A514-5CE135EC3518}.MinSizeRel|Mixed Platforms.Build.0 = MinSizeRel|x64
		{9E19D369-CDAB-3A72-A514-5CE135EC3518}.MinSizeRel|Win32.ActiveCfg = MinSizeRel|x64
		{9E19D369-CDAB-3A72-A514-5CE135EC3518}.MinSizeRel|x64.ActiveCfg = MinSizeRel|x64
		{9E19D369-CDAB-3A72-A514-5CE135EC3518}.MinSizeRel|x64.Build.0 = MinSizeRel|x64
		{9E19D369-CDAB-3A72-A514-5CE135EC3518}.Release|Mixed Platforms.ActiveCfg = Release|x64
		{9E19D369-CDAB-3A72-A514-5CE135EC3518}.Release|Mixed Platforms.Build.0 = Release|x64
		{9E19D369-CDAB-3A72-A514-5CE135EC3518}.Release|Win32.ActiveCfg = Release|x64
		{9E19D369-CDAB-3A72-A514-5CE135EC3518}.Release|x64.ActiveCfg = Release|x64
		{9E19D369-CDAB-3A72-A514-5CE135EC3518}.Release|x64.Build.0 = Release|x64
		{9E19D369-CDAB-3A72-A514-5CE135EC3518}.RelWithDebInfo|Mixed Platforms.ActiveCfg = RelWithDebInfo|x64
		{9E19D369-CDAB-3A72-A514-5CE135EC3518}.RelWithDebInfo|Mixed Platforms.Build.0 = RelWithDebInfo|x64
		{9E19D369-CDAB-3A72-A514-5CE135EC3518}.RelWithDebInfo|Win32.ActiveCfg = RelWithDebInfo|x64
		{9E19D369-CDAB-3A72-A514-5CE135EC3518}.RelWithDebInfo|x64.ActiveCfg = RelWithDebInfo|x64
		{9E19D369-CDAB-3A72-A514-5CE135EC3518}.RelWithDebInfo|x64.Build.0 = RelWithDebInfo|x64
		{1B417F6B-09D2-3C78-ABFF-71DE23E6967D}.Debug|Mixed Platforms.ActiveCfg = Debug|x64
		{1B417F6B-09D2-3C78-ABFF-71DE23E6967D}.Debug|Mixed Platforms.Build.0 = Debug|x64
		{1B417F6B-09D2-3C78-ABFF-71DE23E6967D}.Debug|Win32.ActiveCfg = Debug|x64
		{1B417F6B-09D2-3C78-ABFF-71DE23E6967D}.Debug|x64.ActiveCfg = Debug|x64
		{1B417F6B-09D2-3C78-ABFF-71DE23E6967D}.Debug|x64.Build.0 = Debug|x64
		{1B417F6B-09D2-3C78-ABFF-71DE23E6967D}.MinSizeRel|Mixed Platforms.ActiveCfg = MinSizeRel|x64
		{1B417F6B-09D2-3C78-ABFF-71DE23E6967D}.MinSizeRel|Mixed Platforms.Build.0 = MinSizeRel|x64
		{1B417F6B-09D2-3C78-ABFF-71DE23E6967D}.MinSizeRel|Win32.ActiveCfg = MinSizeRel|x64
		{1B417F6B-09D2-3C78-ABFF-71DE23E6967D}.MinSizeRel|x64.ActiveCfg = MinSizeRel|x64
		{1B417F6B-09D2-3C78-ABFF-71DE23E6967D}.MinSizeRel|x64.Build.0 = MinSizeRel|x64
		{1B417F6B-09D2-3C78-ABFF-71DE23E6967D}.Release|Mixed Platforms.ActiveCfg = Release|x64
		{1B417F6B-09D2-3C78-ABFF-71DE23E6967D}.Release|Mixed Platforms.Build.0 = Release|x64
		{1B417F6B-09D2-3C78-ABFF-71DE23E6967D}.Release|Win32.ActiveCfg = Release|x64
		{1B417F6B-09D2-3C78-ABFF-71DE23E6967D}.Release|x64.ActiveCfg = Release|x64
		{1B417F6B-09D2-3C78-ABFF-71DE23E6967D}.Release|x64.Build.0 = Release|x64
		{1B417F6B-09D2-3C78-ABFF-71DE23E6967D}.RelWithDebInfo|Mixed Platforms.ActiveCfg = RelWithDebInfo|x64
		{1B417F6B-09D2-3C78-ABFF-71DE23E6967D}.RelWithDebInfo|Mixed Platforms.Build.0 = RelWithDebInfo|x64
		{1B417F6B-09D2-3C78-ABFF-71DE23E6967D}.RelWithDebInfo|Win32.ActiveCfg = RelWithDebInfo|x64
		{1B417F6B-09D2-3C78-ABFF-71DE23E6967D}.RelWithDebInfo|x64.ActiveCfg = RelWithDebInfo|x64
		{1B417F6B-09D2-3C78-ABFF-71DE23E6967D}.RelWithDebInfo|x64.Build.0 = RelWithDebInfo|x64
		{70D11F0C-2641-3B9D-9EDA-BB0A122E1FFC}.Debug|Mixed Platforms.ActiveCfg = Debug|x64
		{70D11F0C-2641-3B9D-9EDA-BB0A122E1FFC}.Debug|Mixed Platforms.Build.0 = Debug|x64
		{70D11F0C-2641-3B9D-9EDA-BB0A122E1FFC}.Debug|Win32.ActiveCfg = Debug|x64
		{70D11F0C-2641-3B9D-9EDA-BB0A122E1FFC}.Debug|x64.ActiveCfg = Debug|x64
		{70D11F0C-2641-3B9D-9EDA-BB0A122E1FFC}.Debug|x64.Build.0 = Debug|x64
		{70D11F0C-2641-3B9D-9EDA-BB0A122E1FFC}.MinSizeRel|Mixed Platforms.ActiveCfg = MinSizeRel|x64
		{70D11F0C-2641-3B9D-9EDA-BB0A122E1FFC}.MinSizeRel|Mixed Platforms.Build.0 = MinSizeRel|x64
		{70D11F0C-2641-3B9D-9EDA-BB0A122E1FFC}.MinSizeRel|Win32.ActiveCfg = MinSizeRel|x64
		{70D11F0C-2641-3B9D-9EDA-BB0A122E1FFC}.MinSizeRel|x64.ActiveCfg = MinSizeRel|x64
		{70D11F0C-2641-3B9D-9EDA-BB0A122E1FFC}.MinSizeRel|x64.Build.0 = MinSizeRel|x64
		{70D11F0C-2641-3B9D-9EDA-BB0A122E1FFC}.Release|Mixed Platforms.ActiveCfg = Release|x64
		{70D11F0C-2641-3B9D-9EDA-BB0A122E1FFC}.Release|Mixed Platforms.Build.0 = Release|x64
		{70D11F0C-2641-3B9D-9EDA-BB0A122E1FFC}.Release|Win32.ActiveCfg = Release|x64
		{70D11F0C-2641-3B9D-9EDA-BB0A122E1FFC}.Release|x64.ActiveCfg = Release|x64
		{70D11F0C-2641-3B9D-9EDA-BB0A122E1FFC}.Release|x64.Build.0 = Release|x64
		{70D11F0C-2641-3B9D-9EDA-BB0A122E1FFC}.RelWithDebInfo|Mixed Platforms.ActiveCfg = RelWithDebInfo|x64
		{70D11F0C-2641-3B9D-9EDA-BB0A122E1FFC}.RelWithDebInfo|Mixed Platforms.Build.0 = RelWithDebInfo|x64
		{70D11F0C-2641-3B9D-9EDA-BB0A122E1FFC}.RelWithDebInfo|Win32.ActiveCfg = RelWithDebInfo|x64
		{70D11F0C-2641-3B9D-9EDA-BB0A122E1FFC}.RelWithDebInfo|x64.ActiveCfg = RelWithDebInfo|x64
		{70D11F0C-2641-3B9D-9EDA-BB0A122E1FFC}.RelWithDebInfo|x64.Build.0 = RelWithDebInfo|x64
		{C6D1A214-5A9D-3CE1-B565-057ACFAFF322}.Debug|Mixed Platforms.ActiveCfg = Debug|x64
		{C6D1A214-5A9D-3CE1-B565-057ACFAFF322}.Debug|Mixed Platforms.Build.0 = Debug|x64
		{C6D1A214-5A9D-3CE1-B565-057ACFAFF322}.Debug|Win32.ActiveCfg = Debug|x64
		{C6D1A214-5A9D-3CE1-B565-057ACFAFF322}.Debug|x64.ActiveCfg = Debug|x64
		{C6D1A214-5A9D-3CE1-B565-057ACFAFF322}.Debug|x64.Build.0 = Debug|x64
		{C6D1A214-5A9D-3CE1-B565-057ACFAFF322}.MinSizeRel|Mixed Platforms.ActiveCfg = MinSizeRel|x64
		{C6D1A214-5A9D-3CE1-B565-057ACFAFF322}.MinSizeRel|Mixed Platforms.Build.0 = MinSizeRel|x64
		{C6D1A214-5A9D-3CE1-B565-057ACFAFF322}.MinSizeRel|Win32.ActiveCfg = MinSizeRel|x64
		{C6D1A214-5A9D-3CE1-B565-057ACFAFF322}.MinSizeRel|x64.ActiveCfg = MinSizeRel|x64
		{C6D1A214-5A9D-3CE1-B565-057ACFAFF322}.MinSizeRel|x64.Build.0 = MinSizeRel|x64
		{C6D1A214-5A9D-3CE1-B565-057ACFAFF322}.Release|Mixed Platforms.ActiveCfg = Release|x64
		{C6D1A214-5A9D-3CE1-B565-057ACFAFF322}.Release|Mixed Platforms.Build.0 = Release|x64
		{C6D1A214-5A9D-3CE1-B565-057ACFAFF322}.Release|Win32.ActiveCfg = Release|x64
		{C6D1A214-5A9D-3CE1-B565-057ACFAFF322}.Release|x64.ActiveCfg = Release|x64
		{C6D1A214-5A9D-3CE1-B565-057ACFAFF322}.Release|x64.Build.0 = Release|x64
		{C6D1A214-5A9D-3CE1-B565-057ACFAFF322}.RelWithDebInfo|Mixed Platforms.ActiveCfg = RelWithDebInfo|x64
		{C6D1A214-5A9D-3CE1-B565-057ACFAFF322}.RelWithDebInfo|Mixed Platforms.Build.0 = RelWithDebInfo|x64
		{C6D1A214-5A9D-3CE1-B565-057ACFAFF322}.RelWithDebInfo|Win32.ActiveCfg = RelWithDebInfo|x64
		{C6D1A214-5A9D-3CE1-B565-057ACFAFF322}.RelWithDebInfo|x64.ActiveCfg = RelWithDebInfo|x64
		{C6D1A214-5A9D-3CE1-B565-057ACFAFF322}.RelWithDebInfo|x64.Build.0 = RelWithDebInfo|x64
		{27E2A17C-00F9-3B8E-86AC-D6F3098FDF6E}.Debug|Mixed Platforms.ActiveCfg = Debug|x64
		{27E2A17C-00F9-3B8E-86AC-D6F3098FDF6E}.Debug|Mixed Platforms.Build.0 = Debug|x64
		{27E2A17C-00F9-3B8E-86AC-D6F3098FDF6E}.Debug|Win32.ActiveCfg = Debug|x64
		{27E2A17C-00F9-3B8E-86AC-D6F3098FDF6E}.Debug|x64.ActiveCfg = Debug|x64
		{27E2A17C-00F9-3B8E-86AC-D6F3098FDF6E}.Debug|x64.Build.0 = Debug|x64
		{27E2A17C-00F9-3B8E-86AC-D6F3098FDF6E}.MinSizeRel|Mixed Platforms.ActiveCfg = MinSizeRel|x64
		{27E2A17C-00F9-3B8E-86AC-D6F3098FDF6E}.MinSizeRel|Mixed Platforms.Build.0 = MinSizeRel|x64
		{27E2A17C-00F9-3B8E-86AC-D6F3098FDF6E}.MinSizeRel|Win32.ActiveCfg = MinSizeRel|x64
		{27E2A17C-00F9-3B8E-86AC-D6F3098FDF6E}.MinSizeRel|x64.ActiveCfg = MinSizeRel|x64
		{27E2A17C-00F9-3B8E-86AC-D6F3098FDF6E}.MinSizeRel|x64.Build.0 = MinSizeRel|x64
		{27E2A17C-00F9-3B8E-86AC-D6F3098FDF6E}.Release|Mixed Platforms.ActiveCfg = Release|x64
		{27E2A17C-00F9-3B8E-86AC-D6F3098FDF6E}.Release|Mixed Platforms.Build.0 = Release|x64
		{27E2A17C-00F9-3B8E-86AC-D6F3098FDF6E}.Release|Win32.ActiveCfg = Release|x64
		{27E2A17C-00F9-3B8E-86AC-D6F3098FDF6E}.Release|x64.ActiveCfg = Release|x64
		{27E2A17C-00F9-3B8E-86AC-D6F3098FDF6E}.Release|x64.Build.0 = Release|x64
		{27E2A17C-00F9-3B8E-86AC-D6F3098FDF6E}.RelWithDebInfo|Mixed Platforms.ActiveCfg = RelWithDebInfo|x64
		{27E2A17C-00F9-3B8E-86AC-D6F3098FDF6E}.RelWithDebInfo|Mixed Platforms.Build.0 = RelWithDebInfo|x64
		{27E2A17C-00F9-3B8E-86AC-D6F3098FDF6E}.RelWithDebInfo|Win32.ActiveCfg = RelWithDebInfo|x64
		{27E2A17C-00F9-3B8E-86AC-D6F3098FDF6E}.RelWithDebInfo|x64.ActiveCfg = RelWithDebInfo|x64
		{27E2A17C-00F9-3B8E-86AC-D6F3098FDF6E}.RelWithDebInfo|x64.Build.0 = RelWithDebInfo|x64
		{C6B0D55E-5C84-3AAA-B0EB-F26491754E93}.Debug|Mixed Platforms.ActiveCfg = Debug|x64
		{C6B0D55E-5C84-3AAA-B0EB-F26491754E93}.Debug|Mixed Platforms.Build.0 = Debug|x64
		{C6B0D55E-5C84-3AAA-B0EB-F26491754E93}.Debug|Win32.ActiveCfg = Debug|x64
		{C6B0D55E-5C84-3AAA-B0EB-F26491754E93}.Debug|x64.ActiveCfg = Debug|x64
		{C6B0D55E-5C84-3AAA-B0EB-F26491754E93}.Debug|x64.Build.0 = Debug|x64
		{C6B0D55E-5C84-3AAA-B0EB-F26491754E93}.MinSizeRel|Mixed Platforms.ActiveCfg = MinSizeRel|x64
		{C6B0D55E-5C84-3AAA-B0EB-F26491754E93}.MinSizeRel|Mixed Platforms.Build.0 = MinSizeRel|x64
		{C6B0D55E-5C84-3AAA-B0EB-F26491754E93}.MinSizeRel|Win32.ActiveCfg = MinSizeRel|x64
		{C6B0D55E-5C84-3AAA-B0EB-F26491754E93}.MinSizeRel|x64.ActiveCfg = MinSizeRel|x64
		{C6B0D55E-5C84-3AAA-B0EB-F26491754E93}.MinSizeRel|x64.Build.0 = MinSizeRel|x64
		{C6B0D55E-5C84-3AAA-B0EB-F26491754E93}.Release|Mixed Platforms.ActiveCfg = Release|x64
		{C6B0D55E-5C84-3AAA-B0EB-F26491754E93}.Release|Mixed Platforms.Build.0 = Release|x64
		{C6B0D55E-5C84-3AAA-B0EB-F26491754E93}.Release|Win32.ActiveCfg = Release|x64
		{C6B0D55E-5C84-3AAA-B0EB-F26491754E93}.Release|x64.ActiveCfg = Release|x64
		{C6B0D55E-5C84-3AAA-B0EB-F26491754E93}.Release|x64.Build.0 = Release|x64
		{C6B0D55E-5C84-3AAA-B0EB-F26491754E93}.RelWithDebInfo|Mixed Platforms.ActiveCfg = RelWithDebInfo|x64
		{C6B0D55E-5C84-3AAA-B0EB-F26491754E93}.RelWithDebInfo|Mixed Platforms.Build.0 = RelWithDebInfo|x64
		{C6B0D55E-5C84-3AAA-B0EB-F26491754E93}.RelWithDebInfo|Win32.ActiveCfg = RelWithDebInfo|x64
		{C6B0D55E-5C84-3AAA-B0EB-F26491754E93}.RelWithDebInfo|x64.ActiveCfg = RelWithDebInfo|x64
		{C6B0D55E-5C84-3AAA-B0EB-F26491754E93}.RelWithDebInfo|x64.Build.0 = RelWithDebInfo|x64
		{FEE0D067-34AD-3765-BE59-273D5CF102B0}.Debug|Mixed Platforms.ActiveCfg = Debug|x64
		{FEE0D067-34AD-3765-BE59-273D5CF102B0}.Debug|Mixed Platforms.Build.0 = Debug|x64
		{FEE0D067-34AD-3765-BE59-273D5CF102B0}.Debug|Win32.ActiveCfg = Debug|x64
		{FEE0D067-34AD-3765-BE59-273D5CF102B0}.Debug|x64.ActiveCfg = Debug|x64
		{FEE0D067-34AD-3765-BE59-273D5CF102B0}.Debug|x64.Build.0 = Debug|x64
		{FEE0D067-34AD-3765-BE59-273D5CF102B0}.MinSizeRel|Mixed Platforms.ActiveCfg = MinSizeRel|x64
		{FEE0D067-34AD-3765-BE59-273D5CF102B0}.MinSizeRel|Mixed Platforms.Build.0 = MinSizeRel|x64
		{FEE0D067-34AD-3765-BE59-273D5CF102B0}.MinSizeRel|Win32.ActiveCfg = MinSizeRel|x64
		{FEE0D067-34AD-3765-BE59-273D5CF102B0}.MinSizeRel|x64.ActiveCfg = MinSizeRel|x64
		{FEE0D067-34AD-3765-BE59-273D5CF102B0}.MinSizeRel|x64.Build.0 = MinSizeRel|x64
		{FEE0D067-34AD-3765-BE59-273D5CF102B0}.Release|Mixed Platforms.ActiveCfg = Release|x64
		{FEE0D067-34AD-3765-BE59-273D5CF102B0}.Release|Mixed Platforms.Build.0 = Release|x64
		{FEE0D067-34AD-3765-BE59-273D5CF102B0}.Release|Win32.ActiveCfg = Release|x64
		{FEE0D067-34AD-3765-BE59-273D5CF102B0}.Release|x64.ActiveCfg = Release|x64
		{FEE0D067-34AD-3765-BE59-273D5CF102B0}.Release|x64.Build.0 = Release|x64
		{FEE0D067-34AD-3765-BE59-273D5CF102B0}.RelWithDebInfo|Mixed Platforms.ActiveCfg = RelWithDebInfo|x64
		{FEE0D067-34AD-3765-BE59-273D5CF102B0}.RelWithDebInfo|Mixed Platforms.Build.0 = RelWithDebInfo|x64
		{FEE0D067-34AD-3765-BE59-273D5CF102B0}.RelWithDebInfo|Win32.ActiveCfg = RelWithDebInfo|x64
		{FEE0D067-34AD-3765-BE59-273D5CF102B0}.RelWithDebInfo|x64.ActiveCfg = RelWithDebInfo|x64
		{FEE0D067-34AD-3765-BE59-273D5CF102B0}.RelWithDebInfo|x64.Build.0 = RelWithDebInfo|x64
		{4B59577E-A8BC-3468-91CA-ADCCC3126938}.Debug|Mixed Platforms.ActiveCfg = Debug|x64
		{4B59577E-A8BC-3468-91CA-ADCCC3126938}.Debug|Mixed Platforms.Build.0 = Debug|x64
		{4B59577E-A8BC-3468-91CA-ADCCC3126938}.Debug|Win32.ActiveCfg = Debug|x64
		{4B59577E-A8BC-3468-91CA-ADCCC3126938}.Debug|x64.ActiveCfg = Debug|x64
		{4B59577E-A8BC-3468-91CA-ADCCC3126938}.Debug|x64.Build.0 = Debug|x64
		{4B59577E-A8BC-3468-91CA-ADCCC3126938}.MinSizeRel|Mixed Platforms.ActiveCfg = MinSizeRel|x64
		{4B59577E-A8BC-3468-91CA-ADCCC3126938}.MinSizeRel|Mixed Platforms.Build.0 = MinSizeRel|x64
		{4B59577E-A8BC-3468-91CA-ADCCC3126938}.MinSizeRel|Win32.ActiveCfg = MinSizeRel|x64
		{4B59577E-A8BC-3468-91CA-ADCCC3126938}.MinSizeRel|x64.ActiveCfg = MinSizeRel|x64
		{4B59577E-A8BC-3468-91CA-ADCCC3126938}.MinSizeRel|x64.Build.0 = MinSizeRel|x64
		{4B59577E-A8BC-3468-91CA-ADCCC3126938}.Release|Mixed Platforms.ActiveCfg = Release|x64
		{4B59577E-A8BC-3468-91CA-ADCCC3126938}.Release|Mixed Platforms.Build.0 = Release|x64
		{4B59577E-A8BC-3468-91CA-ADCCC3126938}.Release|Win32.ActiveCfg = Release|x64
		{4B59577E-A8BC-3468-91CA-ADCCC3126938}.Release|x64.ActiveCfg = Release|x64
		{4B59577E-A8BC-3468-91CA-ADCCC3126938}.Release|x64.Build.0 = Release|x64
		{4B59577E-A8BC-3468-91CA-ADCCC3126938}.RelWithDebInfo|Mixed Platforms.ActiveCfg = RelWithDebInfo|x64
		{4B59577E-A8BC-3468-91CA-ADCCC3126938}.RelWithDebInfo|Mixed Platforms.Build.0 = RelWithDebInfo|x64
		{4B59577E-A8BC-3468-91CA-ADCCC3126938}.RelWithDebInfo|Win32.ActiveCfg = RelWithDebInfo|x64
		{4B59577E-A8BC-3468-91CA-ADCCC3126938}.RelWithDebInfo|x64.ActiveCfg = RelWithDebInfo|x64
		{4B59577E-A8BC-3468-91CA-ADCCC3126938}.RelWithDebInfo|x64.Build.0 = RelWithDebInfo|x64
		{09F2C7D0-10AC-3756-A584-FB2DAE9C9713}.Debug|Mixed Platforms.ActiveCfg = Debug|x64
		{09F2C7D0-10AC-3756-A584-FB2DAE9C9713}.Debug|Mixed Platforms.Build.0 = Debug|x64
		{09F2C7D0-10AC-3756-A584-FB2DAE9C9713}.Debug|Win32.ActiveCfg = Debug|x64
		{09F2C7D0-10AC-3756-A584-FB2DAE9C9713}.Debug|x64.ActiveCfg = Debug|x64
		{09F2C7D0-10AC-3756-A584-FB2DAE9C9713}.Debug|x64.Build.0 = Debug|x64
		{09F2C7D0-10AC-3756-A584-FB2DAE9C9713}.MinSizeRel|Mixed Platforms.ActiveCfg = MinSizeRel|x64
		{09F2C7D0-10AC-3756-A584-FB2DAE9C9713}.MinSizeRel|Mixed Platforms.Build.0 = MinSizeRel|x64
		{09F2C7D0-10AC-3756-A584-FB2DAE9C9713}.MinSizeRel|Win32.ActiveCfg = MinSizeRel|x64
		{09F2C7D0-10AC-3756-A584-FB2DAE9C9713}.MinSizeRel|x64.ActiveCfg = MinSizeRel|x64
		{09F2C7D0-10AC-3756-A584-FB2DAE9C9713}.MinSizeRel|x64.Build.0 = MinSizeRel|x64
		{09F2C7D0-10AC-3756-A584-FB2DAE9C9713}.Release|Mixed Platforms.ActiveCfg = Release|x64
		{09F2C7D0-10AC-3756-A584-FB2DAE9C9713}.Release|Mixed Platforms.Build.0 = Release|x64
		{09F2C7D0-10AC-3756-A584-FB2DAE9C9713}.Release|Win32.ActiveCfg = Release|x64
		{09F2C7D0-10AC-3756-A584-FB2DAE9C9713}.Release|x64.ActiveCfg = Release|x64
		{09F2C7D0-10AC-3756-A584-FB2DAE9C9713}.Release|x64.Build.0 = Release|x64
		{09F2C7D0-10AC-3756-A584-FB2DAE9C9713}.RelWithDebInfo|Mixed Platforms.ActiveCfg = RelWithDebInfo|x64
		{09F2C7D0-10AC-3756-A584-FB2DAE9C9713}.RelWithDebInfo|Mixed Platforms.Build.0 = RelWithDebInfo|x64
		{09F2C7D0-10AC-3756-A584-FB2DAE9C9713}.RelWithDebInfo|Win32.ActiveCfg = RelWithDebInfo|x64
		{09F2C7D0-10AC-3756-A584-FB2DAE9C9713}.RelWithDebInfo|x64.ActiveCfg = RelWithDebInfo|x64
		{09F2C7D0-10AC-3756-A584-FB2DAE9C9713}.RelWithDebInfo|x64.Build.0 = RelWithDebInfo|x64
		{A9582FF4-C232-37F0-B452-1AF5BA32905C}.Debug|Mixed Platforms.ActiveCfg = Debug|x64
		{A9582FF4-C232-37F0-B452-1AF5BA32905C}.Debug|Mixed Platforms.Build.0 = Debug|x64
		{A9582FF4-C232-37F0-B452-1AF5BA32905C}.Debug|Win32.ActiveCfg = Debug|x64
		{A9582FF4-C232-37F0-B452-1AF5BA32905C}.Debug|x64.ActiveCfg = Debug|x64
		{A9582FF4-C232-37F0-B452-1AF5BA32905C}.Debug|x64.Build.0 = Debug|x64
		{A9582FF4-C232-37F0-B452-1AF5BA32905C}.MinSizeRel|Mixed Platforms.ActiveCfg = MinSizeRel|x64
		{A9582FF4-C232-37F0-B452-1AF5BA32905C}.MinSizeRel|Mixed Platforms.Build.0 = MinSizeRel|x64
		{A9582FF4-C232-37F0-B452-1AF5BA32905C}.MinSizeRel|Win32.ActiveCfg = MinSizeRel|x64
		{A9582FF4-C232-37F0-B452-1AF5BA32905C}.MinSizeRel|x64.ActiveCfg = MinSizeRel|x64
		{A9582FF4-C232-37F0-B452-1AF5BA32905C}.MinSizeRel|x64.Build.0 = MinSizeRel|x64
		{A9582FF4-C232-37F0-B452-1AF5BA32905C}.Release|Mixed Platforms.ActiveCfg = Release|x64
		{A9582FF4-C232-37F0-B452-1AF5BA32905C}.Release|Mixed Platforms.Build.0 = Release|x64
		{A9582FF4-C232-37F0-B452-1AF5BA32905C}.Release|Win32.ActiveCfg = Release|x64
		{A9582FF4-C232-37F0-B452-1AF5BA32905C}.Release|x64.ActiveCfg = Release|x64
		{A9582FF4-C232-37F0-B452-1AF5BA32905C}.Release|x64.Build.0 = Release|x64
		{A9582FF4-C232-37F0-B452-1AF5BA32905C}.RelWithDebInfo|Mixed Platforms.ActiveCfg = RelWithDebInfo|x64
		{A9582FF4-C232-37F0-B452-1AF5BA32905C}.RelWithDebInfo|Mixed Platforms.Build.0 = RelWithDebInfo|x64
		{A9582FF4-C232-37F0-B452-1AF5BA32905C}.RelWithDebInfo|Win32.ActiveCfg = RelWithDebInfo|x64
		{A9582FF4-C232-37F0-B452-1AF5BA32905C}.RelWithDebInfo|x64.ActiveCfg = RelWithDebInfo|x64
		{A9582FF4-C232-37F0-B452-1AF5BA32905C}.RelWithDebInfo|x64.Build.0 = RelWithDebInfo|x64
		{22268516-3D85-3A2F-A4E9-B049B622C655}.Debug|Mixed Platforms.ActiveCfg = Debug|x64
		{22268516-3D85-3A2F-A4E9-B049B622C655}.Debug|Mixed Platforms.Build.0 = Debug|x64
		{22268516-3D85-3A2F-A4E9-B049B622C655}.Debug|Win32.ActiveCfg = Debug|x64
		{22268516-3D85-3A2F-A4E9-B049B622C655}.Debug|x64.ActiveCfg = Debug|x64
		{22268516-3D85-3A2F-A4E9-B049B622C655}.Debug|x64.Build.0 = Debug|x64
		{22268516-3D85-3A2F-A4E9-B049B622C655}.MinSizeRel|Mixed Platforms.ActiveCfg = MinSizeRel|x64
		{22268516-3D85-3A2F-A4E9-B049B622C655}.MinSizeRel|Mixed Platforms.Build.0 = MinSizeRel|x64
		{22268516-3D85-3A2F-A4E9-B049B622C655}.MinSizeRel|Win32.ActiveCfg = MinSizeRel|x64
		{22268516-3D85-3A2F-A4E9-B049B622C655}.MinSizeRel|x64.ActiveCfg = MinSizeRel|x64
		{22268516-3D85-3A2F-A4E9-B049B622C655}.MinSizeRel|x64.Build.0 = MinSizeRel|x64
		{22268516-3D85-3A2F-A4E9-B049B622C655}.Release|Mixed Platforms.ActiveCfg = Release|x64
		{22268516-3D85-3A2F-A4E9-B049B622C655}.Release|Mixed Platforms.Build.0 = Release|x64
		{22268516-3D85-3A2F-A4E9-B049B622C655}.Release|Win32.ActiveCfg = Release|x64
		{22268516-3D85-3A2F-A4E9-B049B622C655}.Release|x64.ActiveCfg = Release|x64
		{22268516-3D85-3A2F-A4E9-B049B622C655}.Release|x64.Build.0 = Release|x64
		{22268516-3D85-3A2F-A4E9-B049B622C655}.RelWithDebInfo|Mixed Platforms.ActiveCfg = RelWithDebInfo|x64
		{22268516-3D85-3A2F-A4E9-B049B622C655}.RelWithDebInfo|Mixed Platforms.Build.0 = RelWithDebInfo|x64
		{22268516-3D85-3A2F-A4E9-B049B622C655}.RelWithDebInfo|Win32.ActiveCfg = RelWithDebInfo|x64
		{22268516-3D85-3A2F-A4E9-B049B622C655}.RelWithDebInfo|x64.ActiveCfg = RelWithDebInfo|x64
		{22268516-3D85-3A2F-A4E9-B049B622C655}.RelWithDebInfo|x64.Build.0 = RelWithDebInfo|x64
		{C76A82D0-F618-3926-9C4D-1010B145F23C}.Debug|Mixed Platforms.ActiveCfg = Debug|x64
		{C76A82D0-F618-3926-9C4D-1010B145F23C}.Debug|Mixed Platforms.Build.0 = Debug|x64
		{C76A82D0-F618-3926-9C4D-1010B145F23C}.Debug|Win32.ActiveCfg = Debug|x64
		{C76A82D0-F618-3926-9C4D-1010B145F23C}.Debug|x64.ActiveCfg = Debug|x64
		{C76A82D0-F618-3926-9C4D-1010B145F23C}.Debug|x64.Build.0 = Debug|x64
		{C76A82D0-F618-3926-9C4D-1010B145F23C}.MinSizeRel|Mixed Platforms.ActiveCfg = MinSizeRel|x64
		{C76A82D0-F618-3926-9C4D-1010B145F23C}.MinSizeRel|Mixed Platforms.Build.0 = MinSizeRel|x64
		{C76A82D0-F618-3926-9C4D-1010B145F23C}.MinSizeRel|Win32.ActiveCfg = MinSizeRel|x64
		{C76A82D0-F618-3926-9C4D-1010B145F23C}.MinSizeRel|x64.ActiveCfg = MinSizeRel|x64
		{C76A82D0-F618-3926-9C4D-1010B145F23C}.MinSizeRel|x64.Build.0 = MinSizeRel|x64
		{C76A82D0-F618-3926-9C4D-1010B145F23C}.Release|Mixed Platforms.ActiveCfg = Release|x64
		{C76A82D0-F618-3926-9C4D-1010B145F23C}.Release|Mixed Platforms.Build.0 = Release|x64
		{C76A82D0-F618-3926-9C4D-1010B145F23C}.Release|Win32.ActiveCfg = Release|x64
		{C76A82D0-F618-3926-9C4D-1010B145F23C}.Release|x64.ActiveCfg = Release|x64
		{C76A82D0-F618-3926-9C4D-1010B145F23C}.Release|x64.Build.0 = Release|x64
		{C76A82D0-F618-3926-9C4D-1010B145F23C}.RelWithDebInfo|Mixed Platforms.ActiveCfg = RelWithDebInfo|x64
		{C76A82D0-F618-3926-9C4D-1010B145F23C}.RelWithDebInfo|Mixed Platforms.Build.0 = RelWithDebInfo|x64
		{C76A82D0-F618-3926-9C4D-1010B145F23C}.RelWithDebInfo|Win32.ActiveCfg = RelWithDebInfo|x64
		{C76A82D0-F618-3926-9C4D-1010B145F23C}.RelWithDebInfo|x64.ActiveCfg = RelWithDebInfo|x64
		{C76A82D0-F618-3926-9C4D-1010B145F23C}.RelWithDebInfo|x64.Build.0 = RelWithDebInfo|x64
		{BF387815-F170-3A33-ABF9-379775E535CE}.Debug|Mixed Platforms.ActiveCfg = Debug|x64
		{BF387815-F170-3A33-ABF9-379775E535CE}.Debug|Mixed Platforms.Build.0 = Debug|x64
		{BF387815-F170-3A33-ABF9-379775E535CE}.Debug|Win32.ActiveCfg = Debug|x64
		{BF387815-F170-3A33-ABF9-379775E535CE}.Debug|x64.ActiveCfg = Debug|x64
		{BF387815-F170-3A33-ABF9-379775E535CE}.Debug|x64.Build.0 = Debug|x64
		{BF387815-F170-3A33-ABF9-379775E535CE}.MinSizeRel|Mixed Platforms.ActiveCfg = MinSizeRel|x64
		{BF387815-F170-3A33-ABF9-379775E535CE}.MinSizeRel|Mixed Platforms.Build.0 = MinSizeRel|x64
		{BF387815-F170-3A33-ABF9-379775E535CE}.MinSizeRel|Win32.ActiveCfg = MinSizeRel|x64
		{BF387815-F170-3A33-ABF9-379775E535CE}.MinSizeRel|x64.ActiveCfg = MinSizeRel|x64
		{BF387815-F170-3A33-ABF9-379775E535CE}.MinSizeRel|x64.Build.0 = MinSizeRel|x64
		{BF387815-F170-3A33-ABF9-379775E535CE}.Release|Mixed Platforms.ActiveCfg = Release|x64
		{BF387815-F170-3A33-ABF9-379775E535CE}.Release|Mixed Platforms.Build.0 = Release|x64
		{BF387815-F170-3A33-ABF9-379775E535CE}.Release|Win32.ActiveCfg = Release|x64
		{BF387815-F170-3A33-ABF9-379775E535CE}.Release|x64.ActiveCfg = Release|x64
		{BF387815-F170-3A33-ABF9-379775E535CE}.Release|x64.Build.0 = Release|x64
		{BF387815-F170-3A33-ABF9-379775E535CE}.RelWithDebInfo|Mixed Platforms.ActiveCfg = RelWithDebInfo|x64
		{BF387815-F170-3A33-ABF9-379775E535CE}.RelWithDebInfo|Mixed Platforms.Build.0 = RelWithDebInfo|x64
		{BF387815-F170-3A33-ABF9-379775E535CE}.RelWithDebInfo|Win32.ActiveCfg = RelWithDebInfo|x64
		{BF387815-F170-3A33-ABF9-379775E535CE}.RelWithDebInfo|x64.ActiveCfg = RelWithDebInfo|x64
		{BF387815-F170-3A33-ABF9-379775E535CE}.RelWithDebInfo|x64.Build.0 = RelWithDebInfo|x64
		{ECF1B255-E1A9-3816-A7EA-983FDFD1B18B}.Debug|Mixed Platforms.ActiveCfg = Debug|x64
		{ECF1B255-E1A9-3816-A7EA-983FDFD1B18B}.Debug|Mixed Platforms.Build.0 = Debug|x64
		{ECF1B255-E1A9-3816-A7EA-983FDFD1B18B}.Debug|Win32.ActiveCfg = Debug|x64
		{ECF1B255-E1A9-3816-A7EA-983FDFD1B18B}.Debug|x64.ActiveCfg = Debug|x64
		{ECF1B255-E1A9-3816-A7EA-983FDFD1B18B}.Debug|x64.Build.0 = Debug|x64
		{ECF1B255-E1A9-3816-A7EA-983FDFD1B18B}.MinSizeRel|Mixed Platforms.ActiveCfg = MinSizeRel|x64
		{ECF1B255-E1A9-3816-A7EA-983FDFD1B18B}.MinSizeRel|Mixed Platforms.Build.0 = MinSizeRel|x64
		{ECF1B255-E1A9-3816-A7EA-983FDFD1B18B}.MinSizeRel|Win32.ActiveCfg = MinSizeRel|x64
		{ECF1B255-E1A9-3816-A7EA-983FDFD1B18B}.MinSizeRel|x64.ActiveCfg = MinSizeRel|x64
		{ECF1B255-E1A9-3816-A7EA-983FDFD1B18B}.MinSizeRel|x64.Build.0 = MinSizeRel|x64
		{ECF1B255-E1A9-3816-A7EA-983FDFD1B18B}.Release|Mixed Platforms.ActiveCfg = Release|x64
		{ECF1B255-E1A9-3816-A7EA-983FDFD1B18B}.Release|Mixed Platforms.Build.0 = Release|x64
		{ECF1B255-E1A9-3816-A7EA-983FDFD1B18B}.Release|Win32.ActiveCfg = Release|x64
		{ECF1B255-E1A9-3816-A7EA-983FDFD1B18B}.Release|x64.ActiveCfg = Release|x64
		{ECF1B255-E1A9-3816-A7EA-983FDFD1B18B}.Release|x64.Build.0 = Release|x64
		{ECF1B255-E1A9-3816-A7EA-983FDFD1B18B}.RelWithDebInfo|Mixed Platforms.ActiveCfg = RelWithDebInfo|x64
		{ECF1B255-E1A9-3816-A7EA-983FDFD1B18B}.RelWithDebInfo|Mixed Platforms.Build.0 = RelWithDebInfo|x64
		{ECF1B255-E1A9-3816-A7EA-983FDFD1B18B}.RelWithDebInfo|Win32.ActiveCfg = RelWithDebInfo|x64
		{ECF1B255-E1A9-3816-A7EA-983FDFD1B18B}.RelWithDebInfo|x64.ActiveCfg = RelWithDebInfo|x64
		{ECF1B255-E1A9-3816-A7EA-983FDFD1B18B}.RelWithDebInfo|x64.Build.0 = RelWithDebInfo|x64
		{FC969DBB-A071-3DCC-9BCA-26F0A8686CAE}.Debug|Mixed Platforms.ActiveCfg = Debug|x64
		{FC969DBB-A071-3DCC-9BCA-26F0A8686CAE}.Debug|Mixed Platforms.Build.0 = Debug|x64
		{FC969DBB-A071-3DCC-9BCA-26F0A8686CAE}.Debug|Win32.ActiveCfg = Debug|x64
		{FC969DBB-A071-3DCC-9BCA-26F0A8686CAE}.Debug|x64.ActiveCfg = Debug|x64
		{FC969DBB-A071-3DCC-9BCA-26F0A8686CAE}.Debug|x64.Build.0 = Debug|x64
		{FC969DBB-A071-3DCC-9BCA-26F0A8686CAE}.MinSizeRel|Mixed Platforms.ActiveCfg = MinSizeRel|x64
		{FC969DBB-A071-3DCC-9BCA-26F0A8686CAE}.MinSizeRel|Mixed Platforms.Build.0 = MinSizeRel|x64
		{FC969DBB-A071-3DCC-9BCA-26F0A8686CAE}.MinSizeRel|Win32.ActiveCfg = MinSizeRel|x64
		{FC969DBB-A071-3DCC-9BCA-26F0A8686CAE}.MinSizeRel|x64.ActiveCfg = MinSizeRel|x64
		{FC969DBB-A071-3DCC-9BCA-26F0A8686CAE}.MinSizeRel|x64.Build.0 = MinSizeRel|x64
		{FC969DBB-A071-3DCC-9BCA-26F0A8686CAE}.Release|Mixed Platforms.ActiveCfg = Release|x64
		{FC969DBB-A071-3DCC-9BCA-26F0A8686CAE}.Release|Mixed Platforms.Build.0 = Release|x64
		{FC969DBB-A071-3DCC-9BCA-26F0A8686CAE}.Release|Win32.ActiveCfg = Release|x64
		{FC969DBB-A071-3DCC-9BCA-26F0A8686CAE}.Release|x64.ActiveCfg = Release|x64
		{FC969DBB-A071-3DCC-9BCA-26F0A8686CAE}.Release|x64.Build.0 = Release|x64
		{FC969DBB-A071-3DCC-9BCA-26F0A8686CAE}.RelWithDebInfo|Mixed Platforms.ActiveCfg = RelWithDebInfo|x64
		{FC969DBB-A071-3DCC-9BCA-26F0A8686CAE}.RelWithDebInfo|Mixed Platforms.Build.0 = RelWithDebInfo|x64
		{FC969DBB-A071-3DCC-9BCA-26F0A8686CAE}.RelWithDebInfo|Win32.ActiveCfg = RelWithDebInfo|x64
		{FC969DBB-A071-3DCC-9BCA-26F0A8686CAE}.RelWithDebInfo|x64.ActiveCfg = RelWithDebInfo|x64
		{FC969DBB-A071-3DCC-9BCA-26F0A8686CAE}.RelWithDebInfo|x64.Build.0 = RelWithDebInfo|x64
		{8B767F4D-268A-309D-BEB4-BBE48E56184E}.Debug|Mixed Platforms.ActiveCfg = Debug|x64
		{8B767F4D-268A-309D-BEB4-BBE48E56184E}.Debug|Mixed Platforms.Build.0 = Debug|x64
		{8B767F4D-268A-309D-BEB4-BBE48E56184E}.Debug|Win32.ActiveCfg = Debug|x64
		{8B767F4D-268A-309D-BEB4-BBE48E56184E}.Debug|x64.ActiveCfg = Debug|x64
		{8B767F4D-268A-309D-BEB4-BBE48E56184E}.Debug|x64.Build.0 = Debug|x64
		{8B767F4D-268A-309D-BEB4-BBE48E56184E}.MinSizeRel|Mixed Platforms.ActiveCfg = MinSizeRel|x64
		{8B767F4D-268A-309D-BEB4-BBE48E56184E}.MinSizeRel|Mixed Platforms.Build.0 = MinSizeRel|x64
		{8B767F4D-268A-309D-BEB4-BBE48E56184E}.MinSizeRel|Win32.ActiveCfg = MinSizeRel|x64
		{8B767F4D-268A-309D-BEB4-BBE48E56184E}.MinSizeRel|x64.ActiveCfg = MinSizeRel|x64
		{8B767F4D-268A-309D-BEB4-BBE48E56184E}.MinSizeRel|x64.Build.0 = MinSizeRel|x64
		{8B767F4D-268A-309D-BEB4-BBE48E56184E}.Release|Mixed Platforms.ActiveCfg = Release|x64
		{8B767F4D-268A-309D-BEB4-BBE48E56184E}.Release|Mixed Platforms.Build.0 = Release|x64
		{8B767F4D-268A-309D-BEB4-BBE48E56184E}.Release|Win32.ActiveCfg = Release|x64
		{8B767F4D-268A-309D-BEB4-BBE48E56184E}.Release|x64.ActiveCfg = Release|x64
		{8B767F4D-268A-309D-BEB4-BBE48E56184E}.Release|x64.Build.0 = Release|x64
		{8B767F4D-268A-309D-BEB4-BBE48E56184E}.RelWithDebInfo|Mixed Platforms.ActiveCfg = RelWithDebInfo|x64
		{8B767F4D-268A-309D-BEB4-BBE48E56184E}.RelWithDebInfo|Mixed Platforms.Build.0 = RelWithDebInfo|x64
		{8B767F4D-268A-309D-BEB4-BBE48E56184E}.RelWithDebInfo|Win32.ActiveCfg = RelWithDebInfo|x64
		{8B767F4D-268A-309D-BEB4-BBE48E56184E}.RelWithDebInfo|x64.ActiveCfg = RelWithDebInfo|x64
		{8B767F4D-268A-309D-BEB4-BBE48E56184E}.RelWithDebInfo|x64.Build.0 = RelWithDebInfo|x64
		{01E08C67-2C28-3FFB-A1F2-74D18490BFF7}.Debug|Mixed Platforms.ActiveCfg = Debug|x64
		{01E08C67-2C28-3FFB-A1F2-74D18490BFF7}.Debug|Mixed Platforms.Build.0 = Debug|x64
		{01E08C67-2C28-3FFB-A1F2-74D18490BFF7}.Debug|Win32.ActiveCfg = Debug|x64
		{01E08C67-2C28-3FFB-A1F2-74D18490BFF7}.Debug|x64.ActiveCfg = Debug|x64
		{01E08C67-2C28-3FFB-A1F2-74D18490BFF7}.Debug|x64.Build.0 = Debug|x64
		{01E08C67-2C28-3FFB-A1F2-74D18490BFF7}.MinSizeRel|Mixed Platforms.ActiveCfg = MinSizeRel|x64
		{01E08C67-2C28-3FFB-A1F2-74D18490BFF7}.MinSizeRel|Mixed Platforms.Build.0 = MinSizeRel|x64
		{01E08C67-2C28-3FFB-A1F2-74D18490BFF7}.MinSizeRel|Win32.ActiveCfg = MinSizeRel|x64
		{01E08C67-2C28-3FFB-A1F2-74D18490BFF7}.MinSizeRel|x64.ActiveCfg = MinSizeRel|x64
		{01E08C67-2C28-3FFB-A1F2-74D18490BFF7}.MinSizeRel|x64.Build.0 = MinSizeRel|x64
		{01E08C67-2C28-3FFB-A1F2-74D18490BFF7}.Release|Mixed Platforms.ActiveCfg = Release|x64
		{01E08C67-2C28-3FFB-A1F2-74D18490BFF7}.Release|Mixed Platforms.Build.0 = Release|x64
		{01E08C67-2C28-3FFB-A1F2-74D18490BFF7}.Release|Win32.ActiveCfg = Release|x64
		{01E08C67-2C28-3FFB-A1F2-74D18490BFF7}.Release|x64.ActiveCfg = Release|x64
		{01E08C67-2C28-3FFB-A1F2-74D18490BFF7}.Release|x64.Build.0 = Release|x64
		{01E08C67-2C28-3FFB-A1F2-74D18490BFF7}.RelWithDebInfo|Mixed Platforms.ActiveCfg = RelWithDebInfo|x64
		{01E08C67-2C28-3FFB-A1F2-74D18490BFF7}.RelWithDebInfo|Mixed Platforms.Build.0 = RelWithDebInfo|x64
		{01E08C67-2C28-3FFB-A1F2-74D18490BFF7}.RelWithDebInfo|Win32.ActiveCfg = RelWithDebInfo|x64
		{01E08C67-2C28-3FFB-A1F2-74D18490BFF7}.RelWithDebInfo|x64.ActiveCfg = RelWithDebInfo|x64
		{01E08C67-2C28-3FFB-A1F2-74D18490BFF7}.RelWithDebInfo|x64.Build.0 = RelWithDebInfo|x64
		{F55CB9DF-82F5-44EC-8475-59718F1C90C1}.Debug|Mixed Platforms.ActiveCfg = Debug|Win32
		{F55CB9DF-82F5-44EC-8475-59718F1C90C1}.Debug|Mixed Platforms.Build.0 = Debug|Win32
		{F55CB9DF-82F5-44EC-8475-59718F1C90C1}.Debug|Win32.ActiveCfg = Debug|Win32
		{F55CB9DF-82F5-44EC-8475-59718F1C90C1}.Debug|Win32.Build.0 = Debug|Win32
		{F55CB9DF-82F5-44EC-8475-59718F1C90C1}.Debug|x64.ActiveCfg = Debug|x64
		{F55CB9DF-82F5-44EC-8475-59718F1C90C1}.MinSizeRel|Mixed Platforms.ActiveCfg = Release|Win32
		{F55CB9DF-82F5-44EC-8475-59718F1C90C1}.MinSizeRel|Mixed Platforms.Build.0 = Release|Win32
		{F55CB9DF-82F5-44EC-8475-59718F1C90C1}.MinSizeRel|Win32.ActiveCfg = Release|Win32
		{F55CB9DF-82F5-44EC-8475-59718F1C90C1}.MinSizeRel|Win32.Build.0 = Release|Win32
		{F55CB9DF-82F5-44EC-8475-59718F1C90C1}.MinSizeRel|x64.ActiveCfg = Release|Win32
		{F55CB9DF-82F5-44EC-8475-59718F1C90C1}.Release|Mixed Platforms.ActiveCfg = Release|Win32
		{F55CB9DF-82F5-44EC-8475-59718F1C90C1}.Release|Mixed Platforms.Build.0 = Release|Win32
		{F55CB9DF-82F5-44EC-8475-59718F1C90C1}.Release|Win32.ActiveCfg = Release|Win32
		{F55CB9DF-82F5-44EC-8475-59718F1C90C1}.Release|Win32.Build.0 = Release|Win32
		{F55CB9DF-82F5-44EC-8475-59718F1C90C1}.Release|x64.ActiveCfg = Release|Win32
		{F55CB9DF-82F5-44EC-8475-59718F1C90C1}.RelWithDebInfo|Mixed Platforms.ActiveCfg = Release|Win32
		{F55CB9DF-82F5-44EC-8475-59718F1C90C1}.RelWithDebInfo|Mixed Platforms.Build.0 = Release|Win32
		{F55CB9DF-82F5-44EC-8475-59718F1C90C1}.RelWithDebInfo|Win32.ActiveCfg = Release|Win32
		{F55CB9DF-82F5-44EC-8475-59718F1C90C1}.RelWithDebInfo|Win32.Build.0 = Release|Win32
		{F55CB9DF-82F5-44EC-8475-59718F1C90C1}.RelWithDebInfo|x64.ActiveCfg = Release|Win32
	EndGlobalSection
	GlobalSection(SolutionProperties) = preSolution
		HideSolutionNode = FALSE
	EndGlobalSection
EndGlobal
