<?xml version="1.0" encoding="UTF-8"?>
<Project ToolsVersion="12.0" xmlns="http://schemas.microsoft.com/developer/msbuild/2003">
  <ItemGroup>
    <CustomBuild Include="C:\Users\HM\Desktop\cli2\sol\CMakeFiles\3d0bc3edcb4ef4f6816f28fe8b15b017\generate.stamp.rule">
      <Filter>CMake Rules</Filter>
    </CustomBuild>
  </ItemGroup>
  <ItemGroup>
    <Filter Include="CMake Rules">
      <UniqueIdentifier>{3E17DEAB-8F3A-3438-88A5-71021A26503F}</UniqueIdentifier>
    </Filter>
  </ItemGroup>
</Project>
