<?xml version="1.0" encoding="UTF-8"?>
<Project ToolsVersion="12.0" xmlns="http://schemas.microsoft.com/developer/msbuild/2003">
  <ItemGroup>
    <ClCompile Include="C:\Users\HM\Desktop\cli2\TrinityCore-CLI\src\server\database\Database\AdhocStatement.cpp">
      <Filter>Source Files</Filter>
    </ClCompile>
    <ClCompile Include="C:\Users\HM\Desktop\cli2\TrinityCore-CLI\src\server\database\Database\DatabaseLoader.cpp">
      <Filter>Source Files</Filter>
    </ClCompile>
    <ClCompile Include="C:\Users\HM\Desktop\cli2\TrinityCore-CLI\src\server\database\Database\DatabaseWorker.cpp">
      <Filter>Source Files</Filter>
    </ClCompile>
    <ClCompile Include="C:\Users\HM\Desktop\cli2\TrinityCore-CLI\src\server\database\Database\Field.cpp">
      <Filter>Source Files</Filter>
    </ClCompile>
    <ClCompile Include="C:\Users\HM\Desktop\cli2\TrinityCore-CLI\src\server\database\Database\Implementation\CharacterDatabase.cpp">
      <Filter>Source Files</Filter>
    </ClCompile>
    <ClCompile Include="C:\Users\HM\Desktop\cli2\TrinityCore-CLI\src\server\database\Database\Implementation\LoginDatabase.cpp">
      <Filter>Source Files</Filter>
    </ClCompile>
    <ClCompile Include="C:\Users\HM\Desktop\cli2\TrinityCore-CLI\src\server\database\Database\Implementation\WorldDatabase.cpp">
      <Filter>Source Files</Filter>
    </ClCompile>
    <ClCompile Include="C:\Users\HM\Desktop\cli2\TrinityCore-CLI\src\server\database\Database\MySQLConnection.cpp">
      <Filter>Source Files</Filter>
    </ClCompile>
    <ClCompile Include="C:\Users\HM\Desktop\cli2\TrinityCore-CLI\src\server\database\Database\PreparedStatement.cpp">
      <Filter>Source Files</Filter>
    </ClCompile>
    <ClCompile Include="C:\Users\HM\Desktop\cli2\TrinityCore-CLI\src\server\database\Database\QueryHolder.cpp">
      <Filter>Source Files</Filter>
    </ClCompile>
    <ClCompile Include="C:\Users\HM\Desktop\cli2\TrinityCore-CLI\src\server\database\Database\QueryResult.cpp">
      <Filter>Source Files</Filter>
    </ClCompile>
    <ClCompile Include="C:\Users\HM\Desktop\cli2\TrinityCore-CLI\src\server\database\Database\Transaction.cpp">
      <Filter>Source Files</Filter>
    </ClCompile>
    <ClCompile Include="C:\Users\HM\Desktop\cli2\TrinityCore-CLI\src\server\database\Logging\AppenderDB.cpp">
      <Filter>Source Files</Filter>
    </ClCompile>
    <ClCompile Include="C:\Users\HM\Desktop\cli2\TrinityCore-CLI\src\server\database\Updater\DBUpdater.cpp">
      <Filter>Source Files</Filter>
    </ClCompile>
    <ClCompile Include="C:\Users\HM\Desktop\cli2\TrinityCore-CLI\src\server\database\Updater\UpdateFetcher.cpp">
      <Filter>Source Files</Filter>
    </ClCompile>
    <ClCompile Include="C:\Users\HM\Desktop\cli2\TrinityCore-CLI\src\server\database\PrecompiledHeaders\databasePCH.cpp">
      <Filter>Source Files</Filter>
    </ClCompile>
  </ItemGroup>
  <ItemGroup>
    <ClInclude Include="C:\Users\HM\Desktop\cli2\TrinityCore-CLI\src\server\database\Database\AdhocStatement.h">
      <Filter>Header Files</Filter>
    </ClInclude>
    <ClInclude Include="C:\Users\HM\Desktop\cli2\TrinityCore-CLI\src\server\database\Database\DatabaseEnv.h">
      <Filter>Header Files</Filter>
    </ClInclude>
    <ClInclude Include="C:\Users\HM\Desktop\cli2\TrinityCore-CLI\src\server\database\Database\DatabaseLoader.h">
      <Filter>Header Files</Filter>
    </ClInclude>
    <ClInclude Include="C:\Users\HM\Desktop\cli2\TrinityCore-CLI\src\server\database\Database\DatabaseWorker.h">
      <Filter>Header Files</Filter>
    </ClInclude>
    <ClInclude Include="C:\Users\HM\Desktop\cli2\TrinityCore-CLI\src\server\database\Database\DatabaseWorkerPool.h">
      <Filter>Header Files</Filter>
    </ClInclude>
    <ClInclude Include="C:\Users\HM\Desktop\cli2\TrinityCore-CLI\src\server\database\Database\Field.h">
      <Filter>Header Files</Filter>
    </ClInclude>
    <ClInclude Include="C:\Users\HM\Desktop\cli2\TrinityCore-CLI\src\server\database\Database\Implementation\CharacterDatabase.h">
      <Filter>Header Files</Filter>
    </ClInclude>
    <ClInclude Include="C:\Users\HM\Desktop\cli2\TrinityCore-CLI\src\server\database\Database\Implementation\LoginDatabase.h">
      <Filter>Header Files</Filter>
    </ClInclude>
    <ClInclude Include="C:\Users\HM\Desktop\cli2\TrinityCore-CLI\src\server\database\Database\Implementation\WorldDatabase.h">
      <Filter>Header Files</Filter>
    </ClInclude>
    <ClInclude Include="C:\Users\HM\Desktop\cli2\TrinityCore-CLI\src\server\database\Database\MySQLConnection.h">
      <Filter>Header Files</Filter>
    </ClInclude>
    <ClInclude Include="C:\Users\HM\Desktop\cli2\TrinityCore-CLI\src\server\database\Database\MySQLThreading.h">
      <Filter>Header Files</Filter>
    </ClInclude>
    <ClInclude Include="C:\Users\HM\Desktop\cli2\TrinityCore-CLI\src\server\database\Database\PreparedStatement.h">
      <Filter>Header Files</Filter>
    </ClInclude>
    <ClInclude Include="C:\Users\HM\Desktop\cli2\TrinityCore-CLI\src\server\database\Database\QueryHolder.h">
      <Filter>Header Files</Filter>
    </ClInclude>
    <ClInclude Include="C:\Users\HM\Desktop\cli2\TrinityCore-CLI\src\server\database\Database\QueryResult.h">
      <Filter>Header Files</Filter>
    </ClInclude>
    <ClInclude Include="C:\Users\HM\Desktop\cli2\TrinityCore-CLI\src\server\database\Database\SQLOperation.h">
      <Filter>Header Files</Filter>
    </ClInclude>
    <ClInclude Include="C:\Users\HM\Desktop\cli2\TrinityCore-CLI\src\server\database\Database\Transaction.h">
      <Filter>Header Files</Filter>
    </ClInclude>
    <ClInclude Include="C:\Users\HM\Desktop\cli2\TrinityCore-CLI\src\server\database\Logging\AppenderDB.h">
      <Filter>Header Files</Filter>
    </ClInclude>
    <ClInclude Include="C:\Users\HM\Desktop\cli2\TrinityCore-CLI\src\server\database\Updater\DBUpdater.h">
      <Filter>Header Files</Filter>
    </ClInclude>
    <ClInclude Include="C:\Users\HM\Desktop\cli2\TrinityCore-CLI\src\server\database\Updater\UpdateFetcher.h">
      <Filter>Header Files</Filter>
    </ClInclude>
  </ItemGroup>
  <ItemGroup>
    <CustomBuild Include="C:\Users\HM\Desktop\cli2\TrinityCore-CLI\src\server\database\CMakeLists.txt" />
  </ItemGroup>
  <ItemGroup>
    <Filter Include="Source Files">
      <UniqueIdentifier>{A85EE553-B87B-3776-900A-61BBB1A46484}</UniqueIdentifier>
    </Filter>
    <Filter Include="Header Files">
      <UniqueIdentifier>{48D808F2-AC99-3318-8EAE-4FB5653CCAB7}</UniqueIdentifier>
    </Filter>
  </ItemGroup>
</Project>
