<?xml version="1.0" encoding="UTF-8"?>
<Project ToolsVersion="12.0" xmlns="http://schemas.microsoft.com/developer/msbuild/2003">
  <ItemGroup>
    <ClCompile Include="C:\Users\HM\Desktop\cli2\TrinityCore-CLI\src\server\worldserver\CommandLine\CliRunnable.cpp">
      <Filter>Source Files</Filter>
    </ClCompile>
    <ClCompile Include="C:\Users\HM\Desktop\cli2\TrinityCore-CLI\src\server\worldserver\RemoteAccess\RASession.cpp">
      <Filter>Source Files</Filter>
    </ClCompile>
    <ClCompile Include="C:\Users\HM\Desktop\cli2\TrinityCore-CLI\src\server\worldserver\TCSoap\TCSoap.cpp">
      <Filter>Source Files</Filter>
    </ClCompile>
    <ClCompile Include="C:\Users\HM\Desktop\cli2\TrinityCore-CLI\src\server\worldserver\Main.cpp">
      <Filter>Source Files</Filter>
    </ClCompile>
    <ClCompile Include="C:\Users\HM\Desktop\cli2\TrinityCore-CLI\src\common\Debugging\WheatyExceptionReport.cpp">
      <Filter>Source Files</Filter>
    </ClCompile>
    <ClCompile Include="C:\Users\HM\Desktop\cli2\TrinityCore-CLI\src\server\worldserver\PrecompiledHeaders\worldPCH.cpp">
      <Filter>Source Files</Filter>
    </ClCompile>
  </ItemGroup>
  <ItemGroup>
    <ClInclude Include="C:\Users\HM\Desktop\cli2\TrinityCore-CLI\src\server\worldserver\CommandLine\CliRunnable.h">
      <Filter>Header Files</Filter>
    </ClInclude>
    <ClInclude Include="C:\Users\HM\Desktop\cli2\TrinityCore-CLI\src\server\worldserver\RemoteAccess\RASession.h">
      <Filter>Header Files</Filter>
    </ClInclude>
    <ClInclude Include="C:\Users\HM\Desktop\cli2\TrinityCore-CLI\src\server\worldserver\TCSoap\TCSoap.h">
      <Filter>Header Files</Filter>
    </ClInclude>
    <ClInclude Include="C:\Users\HM\Desktop\cli2\TrinityCore-CLI\src\server\worldserver\resource.h">
      <Filter>Header Files</Filter>
    </ClInclude>
    <ClInclude Include="C:\Users\HM\Desktop\cli2\TrinityCore-CLI\src\common\Debugging\WheatyExceptionReport.h">
      <Filter>Header Files</Filter>
    </ClInclude>
  </ItemGroup>
  <ItemGroup>
    <CustomBuild Include="C:\Users\HM\Desktop\cli2\TrinityCore-CLI\src\server\worldserver\CMakeLists.txt" />
  </ItemGroup>
  <ItemGroup>
    <ResourceCompile Include="C:\Users\HM\Desktop\cli2\TrinityCore-CLI\src\server\worldserver\worldserver.rc">
      <Filter>Source Files</Filter>
    </ResourceCompile>
  </ItemGroup>
  <ItemGroup>
    <Filter Include="Source Files">
      <UniqueIdentifier>{A85EE553-B87B-3776-900A-61BBB1A46484}</UniqueIdentifier>
    </Filter>
    <Filter Include="Header Files">
      <UniqueIdentifier>{48D808F2-AC99-3318-8EAE-4FB5653CCAB7}</UniqueIdentifier>
    </Filter>
  </ItemGroup>
</Project>
