<?xml version="1.0" encoding="UTF-8"?>
<Project ToolsVersion="12.0" xmlns="http://schemas.microsoft.com/developer/msbuild/2003">
  <ItemGroup>
    <ClCompile Include="C:\Users\HM\Desktop\cli2\TrinityCore-CLI\dep\gsoap\soapC.cpp">
      <Filter>Source Files</Filter>
    </ClCompile>
    <ClCompile Include="C:\Users\HM\Desktop\cli2\TrinityCore-CLI\dep\gsoap\soapServer.cpp">
      <Filter>Source Files</Filter>
    </ClCompile>
    <ClCompile Include="C:\Users\HM\Desktop\cli2\TrinityCore-CLI\dep\gsoap\stdsoap2.cpp">
      <Filter>Source Files</Filter>
    </ClCompile>
  </ItemGroup>
  <ItemGroup>
    <ClInclude Include="C:\Users\HM\Desktop\cli2\TrinityCore-CLI\dep\gsoap\soapH.h">
      <Filter>Header Files</Filter>
    </ClInclude>
    <ClInclude Include="C:\Users\HM\Desktop\cli2\TrinityCore-CLI\dep\gsoap\soapStub.h">
      <Filter>Header Files</Filter>
    </ClInclude>
    <ClInclude Include="C:\Users\HM\Desktop\cli2\TrinityCore-CLI\dep\gsoap\stdsoap2.h">
      <Filter>Header Files</Filter>
    </ClInclude>
  </ItemGroup>
  <ItemGroup>
    <CustomBuild Include="C:\Users\HM\Desktop\cli2\TrinityCore-CLI\dep\gsoap\CMakeLists.txt" />
  </ItemGroup>
  <ItemGroup>
    <Filter Include="Source Files">
      <UniqueIdentifier>{A85EE553-B87B-3776-900A-61BBB1A46484}</UniqueIdentifier>
    </Filter>
    <Filter Include="Header Files">
      <UniqueIdentifier>{48D808F2-AC99-3318-8EAE-4FB5653CCAB7}</UniqueIdentifier>
    </Filter>
  </ItemGroup>
</Project>
